// !$*UTF8*$!
{
	archiveVersion = 1;
	classes = {
	};
	objectVersion = 77;
	objects = {

/* Begin PBXBuildFile section */
		2C0C0F002E4A0D7D0059A78F /* ScnRenderJob.c in Sources */ = {isa = PBXBuildFile; fileRef = 2C0C0EF22E4A0D7D0059A78F /* ScnRenderJob.c */; };
		2C0C0F022E4A0D7D0059A78F /* ScnVertexbuff.c in Sources */ = {isa = PBXBuildFile; fileRef = 2C0C0EF42E4A0D7D0059A78F /* ScnVertexbuff.c */; };
		2C0C0F032E4A0D7D0059A78F /* ScnContext.c in Sources */ = {isa = PBXBuildFile; fileRef = 2C0C0EDC2E4A0D7D0059A78F /* ScnContext.c */; };
		2C0C0F042E4A0D7D0059A78F /* ScnRenderCmds.c in Sources */ = {isa = PBXBuildFile; fileRef = 2C0C0EF12E4A0D7D0059A78F /* ScnRenderCmds.c */; };
		2C0C0F062E4A0D7D0059A78F /* ScnMemBlock.c in Sources */ = {isa = PBXBuildFile; fileRef = 2C0C0EDD2E4A0D7D0059A78F /* ScnMemBlock.c */; };
		2C0C0F072E4A0D7D0059A78F /* ScnGpuVertexbuff.c in Sources */ = {isa = PBXBuildFile; fileRef = 2C0C0EEA2E4A0D7D0059A78F /* ScnGpuVertexbuff.c */; };
		2C0C0F082E4A0D7D0059A78F /* ScnTexture.c in Sources */ = {isa = PBXBuildFile; fileRef = 2C0C0EF32E4A0D7D0059A78F /* ScnTexture.c */; };
		2C0C0F092E4A0D7D0059A78F /* ScnVertexbuffs.c in Sources */ = {isa = PBXBuildFile; fileRef = 2C0C0EF52E4A0D7D0059A78F /* ScnVertexbuffs.c */; };
		2C0C0F0A2E4A0D7D0059A78F /* ScnArraySorted.c in Sources */ = {isa = PBXBuildFile; fileRef = 2C0C0EDB2E4A0D7D0059A78F /* ScnArraySorted.c */; };
		2C0C0F0B2E4A0D7D0059A78F /* ScnChangeRngs.c in Sources */ = {isa = PBXBuildFile; fileRef = 2C0C0EF92E4A0D7D0059A78F /* ScnChangeRngs.c */; };
		2C0C0F0C2E4A0D7D0059A78F /* ixtli-defs.c in Sources */ = {isa = PBXBuildFile; fileRef = 2C0C0EFC2E4A0D7D0059A78F /* ixtli-defs.c */; };
		2C0C0F0D2E4A0D7D0059A78F /* ScnGpuFramebuff.c in Sources */ = {isa = PBXBuildFile; fileRef = 2C0C0EE52E4A0D7D0059A78F /* ScnGpuFramebuff.c */; };
		2C0C0F0E2E4A0D7D0059A78F /* ScnBuffer.c in Sources */ = {isa = PBXBuildFile; fileRef = 2C0C0EEC2E4A0D7D0059A78F /* ScnBuffer.c */; };
		2C0C0F0F2E4A0D7D0059A78F /* ScnMemElastic.c in Sources */ = {isa = PBXBuildFile; fileRef = 2C0C0EDE2E4A0D7D0059A78F /* ScnMemElastic.c */; };
		2C0C0F102E4A0D7D0059A78F /* ScnNode2d.c in Sources */ = {isa = PBXBuildFile; fileRef = 2C0C0EEF2E4A0D7D0059A78F /* ScnNode2d.c */; };
		2C0C0F112E4A0D7D0059A78F /* ScnRender.c in Sources */ = {isa = PBXBuildFile; fileRef = 2C0C0EFD2E4A0D7D0059A78F /* ScnRender.c */; };
		2C0C0F122E4A0D7D0059A78F /* ScnGpuTexture.c in Sources */ = {isa = PBXBuildFile; fileRef = 2C0C0EE92E4A0D7D0059A78F /* ScnGpuTexture.c */; };
		2C0C0F132E4A0D7D0059A78F /* ScnGpuBuffer.c in Sources */ = {isa = PBXBuildFile; fileRef = 2C0C0EE32E4A0D7D0059A78F /* ScnGpuBuffer.c */; };
		2C0C0F142E4A0D7D0059A78F /* ScnRange.c in Sources */ = {isa = PBXBuildFile; fileRef = 2C0C0EFA2E4A0D7D0059A78F /* ScnRange.c */; };
		2C0C0F152E4A0D7D0059A78F /* ScnGpuDevice.c in Sources */ = {isa = PBXBuildFile; fileRef = 2C0C0EE42E4A0D7D0059A78F /* ScnGpuDevice.c */; };
		2C0C0F162E4A0D7D0059A78F /* ScnBitmapProps.c in Sources */ = {isa = PBXBuildFile; fileRef = 2C0C0EF82E4A0D7D0059A78F /* ScnBitmapProps.c */; };
		2C0C0F172E4A0D7D0059A78F /* ScnMemory.c in Sources */ = {isa = PBXBuildFile; fileRef = 2C0C0EDF2E4A0D7D0059A78F /* ScnMemory.c */; };
		2C0C0F182E4A0D7D0059A78F /* ScnArray.c in Sources */ = {isa = PBXBuildFile; fileRef = 2C0C0EDA2E4A0D7D0059A78F /* ScnArray.c */; };
		2C0C0F192E4A0D7D0059A78F /* ScnGpuSampler.c in Sources */ = {isa = PBXBuildFile; fileRef = 2C0C0EE82E4A0D7D0059A78F /* ScnGpuSampler.c */; };
		2C0C0F1A2E4A0D7D0059A78F /* ScnApiMetal.m in Sources */ = {isa = PBXBuildFile; fileRef = 2C0C0ED72E4A0D7D0059A78F /* ScnApiMetal.m */; };
		2C0C0F1B2E4A0D7D0059A78F /* ScnFramebuff.c in Sources */ = {isa = PBXBuildFile; fileRef = 2C0C0EED2E4A0D7D0059A78F /* ScnFramebuff.c */; };
		2C0C0F1C2E4A0D7D0059A78F /* ScnGpuRenderbuff.c in Sources */ = {isa = PBXBuildFile; fileRef = 2C0C0EE62E4A0D7D0059A78F /* ScnGpuRenderbuff.c */; };
		2C0C0F1D2E4A0D7D0059A78F /* ScnSharedPtr.c in Sources */ = {isa = PBXBuildFile; fileRef = 2C0C0EE12E4A0D7D0059A78F /* ScnSharedPtr.c */; };
		2C0C0F1E2E4A0D7D0059A78F /* ScnGpuRenderJob.c in Sources */ = {isa = PBXBuildFile; fileRef = 2C0C0EE72E4A0D7D0059A78F /* ScnGpuRenderJob.c */; };
		2C0C0F1F2E4A0D7D0059A78F /* ScnRenderCmd.c in Sources */ = {isa = PBXBuildFile; fileRef = 2C0C0EF02E4A0D7D0059A78F /* ScnRenderCmd.c */; };
		2C0C0F202E4A0D7D0059A78F /* ScnMutex.c in Sources */ = {isa = PBXBuildFile; fileRef = 2C0C0EE02E4A0D7D0059A78F /* ScnMutex.c */; };
		2C0C0F212E4A0D7D0059A78F /* ScnModel2d.c in Sources */ = {isa = PBXBuildFile; fileRef = 2C0C0EEE2E4A0D7D0059A78F /* ScnModel2d.c */; };
		2C0C0F222E4A0D7D0059A78F /* ScnBitmap.c in Sources */ = {isa = PBXBuildFile; fileRef = 2C0C0EF72E4A0D7D0059A78F /* ScnBitmap.c */; };
		2C0C0F232E4A0D7D0059A78F /* ScnRenderJob.c in Sources */ = {isa = PBXBuildFile; fileRef = 2C0C0EF22E4A0D7D0059A78F /* ScnRenderJob.c */; };
		2C0C0F252E4A0D7D0059A78F /* ScnVertexbuff.c in Sources */ = {isa = PBXBuildFile; fileRef = 2C0C0EF42E4A0D7D0059A78F /* ScnVertexbuff.c */; };
		2C0C0F262E4A0D7D0059A78F /* ScnContext.c in Sources */ = {isa = PBXBuildFile; fileRef = 2C0C0EDC2E4A0D7D0059A78F /* ScnContext.c */; };
		2C0C0F272E4A0D7D0059A78F /* ScnRenderCmds.c in Sources */ = {isa = PBXBuildFile; fileRef = 2C0C0EF12E4A0D7D0059A78F /* ScnRenderCmds.c */; };
		2C0C0F292E4A0D7D0059A78F /* ScnMemBlock.c in Sources */ = {isa = PBXBuildFile; fileRef = 2C0C0EDD2E4A0D7D0059A78F /* ScnMemBlock.c */; };
		2C0C0F2A2E4A0D7D0059A78F /* ScnGpuVertexbuff.c in Sources */ = {isa = PBXBuildFile; fileRef = 2C0C0EEA2E4A0D7D0059A78F /* ScnGpuVertexbuff.c */; };
		2C0C0F2B2E4A0D7D0059A78F /* ScnTexture.c in Sources */ = {isa = PBXBuildFile; fileRef = 2C0C0EF32E4A0D7D0059A78F /* ScnTexture.c */; };
		2C0C0F2C2E4A0D7D0059A78F /* ScnVertexbuffs.c in Sources */ = {isa = PBXBuildFile; fileRef = 2C0C0EF52E4A0D7D0059A78F /* ScnVertexbuffs.c */; };
		2C0C0F2D2E4A0D7D0059A78F /* ScnArraySorted.c in Sources */ = {isa = PBXBuildFile; fileRef = 2C0C0EDB2E4A0D7D0059A78F /* ScnArraySorted.c */; };
		2C0C0F2E2E4A0D7D0059A78F /* ScnChangeRngs.c in Sources */ = {isa = PBXBuildFile; fileRef = 2C0C0EF92E4A0D7D0059A78F /* ScnChangeRngs.c */; };
		2C0C0F2F2E4A0D7D0059A78F /* ixtli-defs.c in Sources */ = {isa = PBXBuildFile; fileRef = 2C0C0EFC2E4A0D7D0059A78F /* ixtli-defs.c */; };
		2C0C0F302E4A0D7D0059A78F /* ScnGpuFramebuff.c in Sources */ = {isa = PBXBuildFile; fileRef = 2C0C0EE52E4A0D7D0059A78F /* ScnGpuFramebuff.c */; };
		2C0C0F312E4A0D7D0059A78F /* ScnBuffer.c in Sources */ = {isa = PBXBuildFile; fileRef = 2C0C0EEC2E4A0D7D0059A78F /* ScnBuffer.c */; };
		2C0C0F322E4A0D7D0059A78F /* ScnMemElastic.c in Sources */ = {isa = PBXBuildFile; fileRef = 2C0C0EDE2E4A0D7D0059A78F /* ScnMemElastic.c */; };
		2C0C0F332E4A0D7D0059A78F /* ScnNode2d.c in Sources */ = {isa = PBXBuildFile; fileRef = 2C0C0EEF2E4A0D7D0059A78F /* ScnNode2d.c */; };
		2C0C0F342E4A0D7D0059A78F /* ScnRender.c in Sources */ = {isa = PBXBuildFile; fileRef = 2C0C0EFD2E4A0D7D0059A78F /* ScnRender.c */; };
		2C0C0F352E4A0D7D0059A78F /* ScnGpuTexture.c in Sources */ = {isa = PBXBuildFile; fileRef = 2C0C0EE92E4A0D7D0059A78F /* ScnGpuTexture.c */; };
		2C0C0F362E4A0D7D0059A78F /* ScnGpuBuffer.c in Sources */ = {isa = PBXBuildFile; fileRef = 2C0C0EE32E4A0D7D0059A78F /* ScnGpuBuffer.c */; };
		2C0C0F372E4A0D7D0059A78F /* ScnRange.c in Sources */ = {isa = PBXBuildFile; fileRef = 2C0C0EFA2E4A0D7D0059A78F /* ScnRange.c */; };
		2C0C0F382E4A0D7D0059A78F /* ScnGpuDevice.c in Sources */ = {isa = PBXBuildFile; fileRef = 2C0C0EE42E4A0D7D0059A78F /* ScnGpuDevice.c */; };
		2C0C0F392E4A0D7D0059A78F /* ScnBitmapProps.c in Sources */ = {isa = PBXBuildFile; fileRef = 2C0C0EF82E4A0D7D0059A78F /* ScnBitmapProps.c */; };
		2C0C0F3A2E4A0D7D0059A78F /* ScnMemory.c in Sources */ = {isa = PBXBuildFile; fileRef = 2C0C0EDF2E4A0D7D0059A78F /* ScnMemory.c */; };
		2C0C0F3B2E4A0D7D0059A78F /* ScnArray.c in Sources */ = {isa = PBXBuildFile; fileRef = 2C0C0EDA2E4A0D7D0059A78F /* ScnArray.c */; };
		2C0C0F3C2E4A0D7D0059A78F /* ScnGpuSampler.c in Sources */ = {isa = PBXBuildFile; fileRef = 2C0C0EE82E4A0D7D0059A78F /* ScnGpuSampler.c */; };
		2C0C0F3D2E4A0D7D0059A78F /* ScnApiMetal.m in Sources */ = {isa = PBXBuildFile; fileRef = 2C0C0ED72E4A0D7D0059A78F /* ScnApiMetal.m */; };
		2C0C0F3E2E4A0D7D0059A78F /* ScnFramebuff.c in Sources */ = {isa = PBXBuildFile; fileRef = 2C0C0EED2E4A0D7D0059A78F /* ScnFramebuff.c */; };
		2C0C0F3F2E4A0D7D0059A78F /* ScnGpuRenderbuff.c in Sources */ = {isa = PBXBuildFile; fileRef = 2C0C0EE62E4A0D7D0059A78F /* ScnGpuRenderbuff.c */; };
		2C0C0F402E4A0D7D0059A78F /* ScnSharedPtr.c in Sources */ = {isa = PBXBuildFile; fileRef = 2C0C0EE12E4A0D7D0059A78F /* ScnSharedPtr.c */; };
		2C0C0F412E4A0D7D0059A78F /* ScnGpuRenderJob.c in Sources */ = {isa = PBXBuildFile; fileRef = 2C0C0EE72E4A0D7D0059A78F /* ScnGpuRenderJob.c */; };
		2C0C0F422E4A0D7D0059A78F /* ScnRenderCmd.c in Sources */ = {isa = PBXBuildFile; fileRef = 2C0C0EF02E4A0D7D0059A78F /* ScnRenderCmd.c */; };
		2C0C0F432E4A0D7D0059A78F /* ScnMutex.c in Sources */ = {isa = PBXBuildFile; fileRef = 2C0C0EE02E4A0D7D0059A78F /* ScnMutex.c */; };
		2C0C0F442E4A0D7D0059A78F /* ScnModel2d.c in Sources */ = {isa = PBXBuildFile; fileRef = 2C0C0EEE2E4A0D7D0059A78F /* ScnModel2d.c */; };
		2C0C0F452E4A0D7D0059A78F /* ScnBitmap.c in Sources */ = {isa = PBXBuildFile; fileRef = 2C0C0EF72E4A0D7D0059A78F /* ScnBitmap.c */; };
		2CA243692E533E1A000A41C8 /* ScnApiMetalSampler.m in Sources */ = {isa = PBXBuildFile; fileRef = 2CA243682E533E1A000A41C8 /* ScnApiMetalSampler.m */; };
		2CA2436A2E533E1A000A41C8 /* ScnApiMetalSampler.h in Headers */ = {isa = PBXBuildFile; fileRef = 2CA243672E533E1A000A41C8 /* ScnApiMetalSampler.h */; };
		2CA2436B2E533E1A000A41C8 /* ScnApiMetalSampler.m in Sources */ = {isa = PBXBuildFile; fileRef = 2CA243682E533E1A000A41C8 /* ScnApiMetalSampler.m */; };
		2CA2436E2E533E31000A41C8 /* ScnApiMetalDevice.h in Headers */ = {isa = PBXBuildFile; fileRef = 2CA2436C2E533E31000A41C8 /* ScnApiMetalDevice.h */; };
		2CA2436F2E533E31000A41C8 /* ScnApiMetalDevice.m in Sources */ = {isa = PBXBuildFile; fileRef = 2CA2436D2E533E31000A41C8 /* ScnApiMetalDevice.m */; };
		2CA243702E533E31000A41C8 /* ScnApiMetalDevice.m in Sources */ = {isa = PBXBuildFile; fileRef = 2CA2436D2E533E31000A41C8 /* ScnApiMetalDevice.m */; };
		2CA243732E533E5D000A41C8 /* ScnApiMetalBuffer.m in Sources */ = {isa = PBXBuildFile; fileRef = 2CA243722E533E5D000A41C8 /* ScnApiMetalBuffer.m */; };
		2CA243742E533E5D000A41C8 /* ScnApiMetalBuffer.h in Headers */ = {isa = PBXBuildFile; fileRef = 2CA243712E533E5D000A41C8 /* ScnApiMetalBuffer.h */; };
		2CA243752E533E5D000A41C8 /* ScnApiMetalBuffer.m in Sources */ = {isa = PBXBuildFile; fileRef = 2CA243722E533E5D000A41C8 /* ScnApiMetalBuffer.m */; };
		2CA243782E533E79000A41C8 /* ScnApiMetalVertexbuff.m in Sources */ = {isa = PBXBuildFile; fileRef = 2CA243772E533E79000A41C8 /* ScnApiMetalVertexbuff.m */; };
		2CA243792E533E79000A41C8 /* ScnApiMetalVertexbuff.h in Headers */ = {isa = PBXBuildFile; fileRef = 2CA243762E533E79000A41C8 /* ScnApiMetalVertexbuff.h */; };
		2CA2437A2E533E79000A41C8 /* ScnApiMetalVertexbuff.m in Sources */ = {isa = PBXBuildFile; fileRef = 2CA243772E533E79000A41C8 /* ScnApiMetalVertexbuff.m */; };
		2CA2437D2E533ECB000A41C8 /* ScnApiMetalTexture.h in Headers */ = {isa = PBXBuildFile; fileRef = 2CA2437B2E533ECB000A41C8 /* ScnApiMetalTexture.h */; };
		2CA2437E2E533ECB000A41C8 /* ScnApiMetalTexture.m in Sources */ = {isa = PBXBuildFile; fileRef = 2CA2437C2E533ECB000A41C8 /* ScnApiMetalTexture.m */; };
		2CA2437F2E533ECB000A41C8 /* ScnApiMetalTexture.m in Sources */ = {isa = PBXBuildFile; fileRef = 2CA2437C2E533ECB000A41C8 /* ScnApiMetalTexture.m */; };
		2CA243822E533EEC000A41C8 /* ScnApiMetalRenderStates.m in Sources */ = {isa = PBXBuildFile; fileRef = 2CA243812E533EEC000A41C8 /* ScnApiMetalRenderStates.m */; };
		2CA243832E533EEC000A41C8 /* ScnApiMetalRenderStates.h in Headers */ = {isa = PBXBuildFile; fileRef = 2CA243802E533EEC000A41C8 /* ScnApiMetalRenderStates.h */; };
		2CA243842E533EEC000A41C8 /* ScnApiMetalRenderStates.m in Sources */ = {isa = PBXBuildFile; fileRef = 2CA243812E533EEC000A41C8 /* ScnApiMetalRenderStates.m */; };
		2CA243872E533F05000A41C8 /* ScnApiMetalFramebuff.m in Sources */ = {isa = PBXBuildFile; fileRef = 2CA243862E533F05000A41C8 /* ScnApiMetalFramebuff.m */; };
		2CA243882E533F05000A41C8 /* ScnApiMetalFramebuff.h in Headers */ = {isa = PBXBuildFile; fileRef = 2CA243852E533F05000A41C8 /* ScnApiMetalFramebuff.h */; };
		2CA243892E533F05000A41C8 /* ScnApiMetalFramebuff.m in Sources */ = {isa = PBXBuildFile; fileRef = 2CA243862E533F05000A41C8 /* ScnApiMetalFramebuff.m */; };
		2CA2438C2E533F1A000A41C8 /* ScnApiMetalRenderJobState.m in Sources */ = {isa = PBXBuildFile; fileRef = 2CA2438B2E533F1A000A41C8 /* ScnApiMetalRenderJobState.m */; };
		2CA2438D2E533F1A000A41C8 /* ScnApiMetalRenderJobState.h in Headers */ = {isa = PBXBuildFile; fileRef = 2CA2438A2E533F1A000A41C8 /* ScnApiMetalRenderJobState.h */; };
		2CA2438E2E533F1A000A41C8 /* ScnApiMetalRenderJobState.m in Sources */ = {isa = PBXBuildFile; fileRef = 2CA2438B2E533F1A000A41C8 /* ScnApiMetalRenderJobState.m */; };
		2CA243912E533F2A000A41C8 /* ScnApiMetalRenderJob.m in Sources */ = {isa = PBXBuildFile; fileRef = 2CA243902E533F2A000A41C8 /* ScnApiMetalRenderJob.m */; };
		2CA243922E533F2A000A41C8 /* ScnApiMetalRenderJob.h in Headers */ = {isa = PBXBuildFile; fileRef = 2CA2438F2E533F2A000A41C8 /* ScnApiMetalRenderJob.h */; };
		2CA243932E533F2A000A41C8 /* ScnApiMetalRenderJob.m in Sources */ = {isa = PBXBuildFile; fileRef = 2CA243902E533F2A000A41C8 /* ScnApiMetalRenderJob.m */; };
		2CA243952E5345C0000A41C8 /* ScnApiItf.h in Headers */ = {isa = PBXBuildFile; fileRef = 2CA243942E5345C0000A41C8 /* ScnApiItf.h */; };
		2CBB25CB2E4A2E3400FB68FE /* ScnVertices.metal in Sources */ = {isa = PBXBuildFile; fileRef = 2C0C0ED52E4A0D7D0059A78F /* ScnVertices.metal */; };
/* End PBXBuildFile section */

/* Begin PBXCopyFilesBuildPhase section */
		2C0C0EC92E4A0D3C0059A78F /* CopyFiles */ = {
			isa = PBXCopyFilesBuildPhase;
			buildActionMask = 2147483647;
			dstPath = "include/$(PRODUCT_NAME)";
			dstSubfolderSpec = 16;
			files = (
			);
			runOnlyForDeploymentPostprocessing = 0;
		};
/* End PBXCopyFilesBuildPhase section */

/* Begin PBXFileReference section */
		2C0C0EC02E4A0CF90059A78F /* libixtli-render-mac.a */ = {isa = PBXFileReference; explicitFileType = archive.ar; includeInIndex = 0; path = "libixtli-render-mac.a"; sourceTree = BUILT_PRODUCTS_DIR; };
		2C0C0ECB2E4A0D3C0059A78F /* libixtli-render-ios.a */ = {isa = PBXFileReference; explicitFileType = archive.ar; includeInIndex = 0; path = "libixtli-render-ios.a"; sourceTree = BUILT_PRODUCTS_DIR; };
		2C0C0ED52E4A0D7D0059A78F /* ScnVertices.metal */ = {isa = PBXFileReference; lastKnownFileType = sourcecode.metal; name = ScnVertices.metal; path = ../../../src/ixrender/api/metal/shaders/ScnVertices.metal; sourceTree = SOURCE_ROOT; };
		2C0C0ED72E4A0D7D0059A78F /* ScnApiMetal.m */ = {isa = PBXFileReference; lastKnownFileType = sourcecode.c.objc; name = ScnApiMetal.m; path = ../../../src/ixrender/api/metal/ScnApiMetal.m; sourceTree = SOURCE_ROOT; };
		2C0C0EDA2E4A0D7D0059A78F /* ScnArray.c */ = {isa = PBXFileReference; lastKnownFileType = sourcecode.c.c; name = ScnArray.c; path = ../../../src/ixrender/core/ScnArray.c; sourceTree = SOURCE_ROOT; };
		2C0C0EDB2E4A0D7D0059A78F /* ScnArraySorted.c */ = {isa = PBXFileReference; lastKnownFileType = sourcecode.c.c; name = ScnArraySorted.c; path = ../../../src/ixrender/core/ScnArraySorted.c; sourceTree = SOURCE_ROOT; };
		2C0C0EDC2E4A0D7D0059A78F /* ScnContext.c */ = {isa = PBXFileReference; lastKnownFileType = sourcecode.c.c; name = ScnContext.c; path = ../../../src/ixrender/core/ScnContext.c; sourceTree = SOURCE_ROOT; };
		2C0C0EDD2E4A0D7D0059A78F /* ScnMemBlock.c */ = {isa = PBXFileReference; lastKnownFileType = sourcecode.c.c; name = ScnMemBlock.c; path = ../../../src/ixrender/core/ScnMemBlock.c; sourceTree = SOURCE_ROOT; };
		2C0C0EDE2E4A0D7D0059A78F /* ScnMemElastic.c */ = {isa = PBXFileReference; lastKnownFileType = sourcecode.c.c; name = ScnMemElastic.c; path = ../../../src/ixrender/core/ScnMemElastic.c; sourceTree = SOURCE_ROOT; };
		2C0C0EDF2E4A0D7D0059A78F /* ScnMemory.c */ = {isa = PBXFileReference; lastKnownFileType = sourcecode.c.c; name = ScnMemory.c; path = ../../../src/ixrender/core/ScnMemory.c; sourceTree = SOURCE_ROOT; };
		2C0C0EE02E4A0D7D0059A78F /* ScnMutex.c */ = {isa = PBXFileReference; lastKnownFileType = sourcecode.c.c; name = ScnMutex.c; path = ../../../src/ixrender/core/ScnMutex.c; sourceTree = SOURCE_ROOT; };
		2C0C0EE12E4A0D7D0059A78F /* ScnSharedPtr.c */ = {isa = PBXFileReference; lastKnownFileType = sourcecode.c.c; name = ScnSharedPtr.c; path = ../../../src/ixrender/core/ScnSharedPtr.c; sourceTree = SOURCE_ROOT; };
		2C0C0EE32E4A0D7D0059A78F /* ScnGpuBuffer.c */ = {isa = PBXFileReference; lastKnownFileType = sourcecode.c.c; name = ScnGpuBuffer.c; path = ../../../src/ixrender/gpu/ScnGpuBuffer.c; sourceTree = SOURCE_ROOT; };
		2C0C0EE42E4A0D7D0059A78F /* ScnGpuDevice.c */ = {isa = PBXFileReference; lastKnownFileType = sourcecode.c.c; name = ScnGpuDevice.c; path = ../../../src/ixrender/gpu/ScnGpuDevice.c; sourceTree = SOURCE_ROOT; };
		2C0C0EE52E4A0D7D0059A78F /* ScnGpuFramebuff.c */ = {isa = PBXFileReference; lastKnownFileType = sourcecode.c.c; name = ScnGpuFramebuff.c; path = ../../../src/ixrender/gpu/ScnGpuFramebuff.c; sourceTree = SOURCE_ROOT; };
		2C0C0EE62E4A0D7D0059A78F /* ScnGpuRenderbuff.c */ = {isa = PBXFileReference; lastKnownFileType = sourcecode.c.c; name = ScnGpuRenderbuff.c; path = ../../../src/ixrender/gpu/ScnGpuRenderbuff.c; sourceTree = SOURCE_ROOT; };
		2C0C0EE72E4A0D7D0059A78F /* ScnGpuRenderJob.c */ = {isa = PBXFileReference; lastKnownFileType = sourcecode.c.c; name = ScnGpuRenderJob.c; path = ../../../src/ixrender/gpu/ScnGpuRenderJob.c; sourceTree = SOURCE_ROOT; };
		2C0C0EE82E4A0D7D0059A78F /* ScnGpuSampler.c */ = {isa = PBXFileReference; lastKnownFileType = sourcecode.c.c; name = ScnGpuSampler.c; path = ../../../src/ixrender/gpu/ScnGpuSampler.c; sourceTree = SOURCE_ROOT; };
		2C0C0EE92E4A0D7D0059A78F /* ScnGpuTexture.c */ = {isa = PBXFileReference; lastKnownFileType = sourcecode.c.c; name = ScnGpuTexture.c; path = ../../../src/ixrender/gpu/ScnGpuTexture.c; sourceTree = SOURCE_ROOT; };
		2C0C0EEA2E4A0D7D0059A78F /* ScnGpuVertexbuff.c */ = {isa = PBXFileReference; lastKnownFileType = sourcecode.c.c; name = ScnGpuVertexbuff.c; path = ../../../src/ixrender/gpu/ScnGpuVertexbuff.c; sourceTree = SOURCE_ROOT; };
		2C0C0EEC2E4A0D7D0059A78F /* ScnBuffer.c */ = {isa = PBXFileReference; lastKnownFileType = sourcecode.c.c; name = ScnBuffer.c; path = ../../../src/ixrender/scene/ScnBuffer.c; sourceTree = SOURCE_ROOT; };
		2C0C0EED2E4A0D7D0059A78F /* ScnFramebuff.c */ = {isa = PBXFileReference; lastKnownFileType = sourcecode.c.c; name = ScnFramebuff.c; path = ../../../src/ixrender/scene/ScnFramebuff.c; sourceTree = SOURCE_ROOT; };
		2C0C0EEE2E4A0D7D0059A78F /* ScnModel2d.c */ = {isa = PBXFileReference; lastKnownFileType = sourcecode.c.c; name = ScnModel2d.c; path = ../../../src/ixrender/scene/ScnModel2d.c; sourceTree = SOURCE_ROOT; };
		2C0C0EEF2E4A0D7D0059A78F /* ScnNode2d.c */ = {isa = PBXFileReference; lastKnownFileType = sourcecode.c.c; name = ScnNode2d.c; path = ../../../src/ixrender/scene/ScnNode2d.c; sourceTree = SOURCE_ROOT; };
		2C0C0EF02E4A0D7D0059A78F /* ScnRenderCmd.c */ = {isa = PBXFileReference; lastKnownFileType = sourcecode.c.c; name = ScnRenderCmd.c; path = ../../../src/ixrender/scene/ScnRenderCmd.c; sourceTree = SOURCE_ROOT; };
		2C0C0EF12E4A0D7D0059A78F /* ScnRenderCmds.c */ = {isa = PBXFileReference; lastKnownFileType = sourcecode.c.c; name = ScnRenderCmds.c; path = ../../../src/ixrender/scene/ScnRenderCmds.c; sourceTree = SOURCE_ROOT; };
		2C0C0EF22E4A0D7D0059A78F /* ScnRenderJob.c */ = {isa = PBXFileReference; lastKnownFileType = sourcecode.c.c; name = ScnRenderJob.c; path = ../../../src/ixrender/scene/ScnRenderJob.c; sourceTree = SOURCE_ROOT; };
		2C0C0EF32E4A0D7D0059A78F /* ScnTexture.c */ = {isa = PBXFileReference; lastKnownFileType = sourcecode.c.c; name = ScnTexture.c; path = ../../../src/ixrender/scene/ScnTexture.c; sourceTree = SOURCE_ROOT; };
		2C0C0EF42E4A0D7D0059A78F /* ScnVertexbuff.c */ = {isa = PBXFileReference; lastKnownFileType = sourcecode.c.c; name = ScnVertexbuff.c; path = ../../../src/ixrender/scene/ScnVertexbuff.c; sourceTree = SOURCE_ROOT; };
		2C0C0EF52E4A0D7D0059A78F /* ScnVertexbuffs.c */ = {isa = PBXFileReference; lastKnownFileType = sourcecode.c.c; name = ScnVertexbuffs.c; path = ../../../src/ixrender/scene/ScnVertexbuffs.c; sourceTree = SOURCE_ROOT; };
		2C0C0EF72E4A0D7D0059A78F /* ScnBitmap.c */ = {isa = PBXFileReference; lastKnownFileType = sourcecode.c.c; name = ScnBitmap.c; path = ../../../src/ixrender/type/ScnBitmap.c; sourceTree = SOURCE_ROOT; };
		2C0C0EF82E4A0D7D0059A78F /* ScnBitmapProps.c */ = {isa = PBXFileReference; lastKnownFileType = sourcecode.c.c; name = ScnBitmapProps.c; path = ../../../src/ixrender/type/ScnBitmapProps.c; sourceTree = SOURCE_ROOT; };
		2C0C0EF92E4A0D7D0059A78F /* ScnChangeRngs.c */ = {isa = PBXFileReference; lastKnownFileType = sourcecode.c.c; name = ScnChangeRngs.c; path = ../../../src/ixrender/type/ScnChangeRngs.c; sourceTree = SOURCE_ROOT; };
		2C0C0EFA2E4A0D7D0059A78F /* ScnRange.c */ = {isa = PBXFileReference; lastKnownFileType = sourcecode.c.c; name = ScnRange.c; path = ../../../src/ixrender/type/ScnRange.c; sourceTree = SOURCE_ROOT; };
		2C0C0EFC2E4A0D7D0059A78F /* ixtli-defs.c */ = {isa = PBXFileReference; lastKnownFileType = sourcecode.c.c; name = "ixtli-defs.c"; path = "../../../src/ixrender/ixtli-defs.c"; sourceTree = SOURCE_ROOT; };
		2C0C0EFD2E4A0D7D0059A78F /* ScnRender.c */ = {isa = PBXFileReference; lastKnownFileType = sourcecode.c.c; name = ScnRender.c; path = ../../../src/ixrender/ScnRender.c; sourceTree = SOURCE_ROOT; };
		2C0C0F462E4A0D8E0059A78F /* ScnMemMap.h */ = {isa = PBXFileReference; lastKnownFileType = sourcecode.c.h; name = ScnMemMap.h; path = ../../../src/utils/ScnMemMap.h; sourceTree = SOURCE_ROOT; };
		2C0C0F472E4A0D8E0059A78F /* ScnMemMap.c */ = {isa = PBXFileReference; lastKnownFileType = sourcecode.c.c; name = ScnMemMap.c; path = ../../../src/utils/ScnMemMap.c; sourceTree = SOURCE_ROOT; };
		2C0C0F482E4A0D8E0059A78F /* ScnPngLoader.c */ = {isa = PBXFileReference; lastKnownFileType = sourcecode.c.c; name = ScnPngLoader.c; path = ../../../src/utils/ScnPngLoader.c; sourceTree = SOURCE_ROOT; };
		2C0C0F492E4A0D8E0059A78F /* SncPngLoader.h */ = {isa = PBXFileReference; lastKnownFileType = sourcecode.c.h; name = SncPngLoader.h; path = ../../../src/utils/SncPngLoader.h; sourceTree = SOURCE_ROOT; };
		2C0C0F4A2E4A0D8E0059A78F /* spng.h */ = {isa = PBXFileReference; lastKnownFileType = sourcecode.c.h; name = spng.h; path = ../../../src/utils/spng.h; sourceTree = SOURCE_ROOT; };
		2C0C0F4B2E4A0D8E0059A78F /* spng.c */ = {isa = PBXFileReference; lastKnownFileType = sourcecode.c.c; name = spng.c; path = ../../../src/utils/spng.c; sourceTree = SOURCE_ROOT; };
		2C0C0F4D2E4A0DEF0059A78F /* ixtli-defs.h */ = {isa = PBXFileReference; lastKnownFileType = sourcecode.c.h; name = "ixtli-defs.h"; path = "../../../include/ixrender/ixtli-defs.h"; sourceTree = SOURCE_ROOT; };
		2C0C0F4E2E4A0DEF0059A78F /* ScnRender.h */ = {isa = PBXFileReference; lastKnownFileType = sourcecode.c.h; name = ScnRender.h; path = ../../../include/ixrender/ScnRender.h; sourceTree = SOURCE_ROOT; };
		2C0C0F4F2E4A0E140059A78F /* ScnApiMetal.h */ = {isa = PBXFileReference; lastKnownFileType = sourcecode.c.h; name = ScnApiMetal.h; path = ../../../include/ixrender/api/ScnApiMetal.h; sourceTree = SOURCE_ROOT; };
		2C0C0F502E4A0E2D0059A78F /* ScnArray.h */ = {isa = PBXFileReference; lastKnownFileType = sourcecode.c.h; name = ScnArray.h; path = ../../../include/ixrender/core/ScnArray.h; sourceTree = SOURCE_ROOT; };
		2C0C0F512E4A0E2D0059A78F /* ScnArrayEmbed.h */ = {isa = PBXFileReference; lastKnownFileType = sourcecode.c.h; name = ScnArrayEmbed.h; path = ../../../include/ixrender/core/ScnArrayEmbed.h; sourceTree = SOURCE_ROOT; };
		2C0C0F522E4A0E2D0059A78F /* ScnArraySorted.h */ = {isa = PBXFileReference; lastKnownFileType = sourcecode.c.h; name = ScnArraySorted.h; path = ../../../include/ixrender/core/ScnArraySorted.h; sourceTree = SOURCE_ROOT; };
		2C0C0F532E4A0E2D0059A78F /* ScnCompare.h */ = {isa = PBXFileReference; lastKnownFileType = sourcecode.c.h; name = ScnCompare.h; path = ../../../include/ixrender/core/ScnCompare.h; sourceTree = SOURCE_ROOT; };
		2C0C0F542E4A0E2D0059A78F /* ScnContext.h */ = {isa = PBXFileReference; lastKnownFileType = sourcecode.c.h; name = ScnContext.h; path = ../../../include/ixrender/core/ScnContext.h; sourceTree = SOURCE_ROOT; };
		2C0C0F552E4A0E2D0059A78F /* ScnMemBlock.h */ = {isa = PBXFileReference; lastKnownFileType = sourcecode.c.h; name = ScnMemBlock.h; path = ../../../include/ixrender/core/ScnMemBlock.h; sourceTree = SOURCE_ROOT; };
		2C0C0F562E4A0E2D0059A78F /* ScnMemElastic.h */ = {isa = PBXFileReference; lastKnownFileType = sourcecode.c.h; name = ScnMemElastic.h; path = ../../../include/ixrender/core/ScnMemElastic.h; sourceTree = SOURCE_ROOT; };
		2C0C0F572E4A0E2D0059A78F /* ScnMemory.h */ = {isa = PBXFileReference; lastKnownFileType = sourcecode.c.h; name = ScnMemory.h; path = ../../../include/ixrender/core/ScnMemory.h; sourceTree = SOURCE_ROOT; };
		2C0C0F582E4A0E2D0059A78F /* ScnMutex.h */ = {isa = PBXFileReference; lastKnownFileType = sourcecode.c.h; name = ScnMutex.h; path = ../../../include/ixrender/core/ScnMutex.h; sourceTree = SOURCE_ROOT; };
		2C0C0F592E4A0E2D0059A78F /* ScnObjRef.h */ = {isa = PBXFileReference; lastKnownFileType = sourcecode.c.h; name = ScnObjRef.h; path = ../../../include/ixrender/core/ScnObjRef.h; sourceTree = SOURCE_ROOT; };
		2C0C0F5A2E4A0E2D0059A78F /* ScnSharedPtr.h */ = {isa = PBXFileReference; lastKnownFileType = sourcecode.c.h; name = ScnSharedPtr.h; path = ../../../include/ixrender/core/ScnSharedPtr.h; sourceTree = SOURCE_ROOT; };
		2C0C0F5B2E4A0E400059A78F /* ScnGpuBuffer.h */ = {isa = PBXFileReference; lastKnownFileType = sourcecode.c.h; name = ScnGpuBuffer.h; path = ../../../include/ixrender/gpu/ScnGpuBuffer.h; sourceTree = SOURCE_ROOT; };
		2C0C0F5C2E4A0E400059A78F /* ScnGpuDataType.h */ = {isa = PBXFileReference; lastKnownFileType = sourcecode.c.h; name = ScnGpuDataType.h; path = ../../../include/ixrender/gpu/ScnGpuDataType.h; sourceTree = SOURCE_ROOT; };
		2C0C0F5D2E4A0E400059A78F /* ScnGpuDevice.h */ = {isa = PBXFileReference; lastKnownFileType = sourcecode.c.h; name = ScnGpuDevice.h; path = ../../../include/ixrender/gpu/ScnGpuDevice.h; sourceTree = SOURCE_ROOT; };
		2C0C0F5E2E4A0E400059A78F /* ScnGpuDeviceDesc.h */ = {isa = PBXFileReference; lastKnownFileType = sourcecode.c.h; name = ScnGpuDeviceDesc.h; path = ../../../include/ixrender/gpu/ScnGpuDeviceDesc.h; sourceTree = SOURCE_ROOT; };
		2C0C0F5F2E4A0E400059A78F /* ScnGpuFramebuff.h */ = {isa = PBXFileReference; lastKnownFileType = sourcecode.c.h; name = ScnGpuFramebuff.h; path = ../../../include/ixrender/gpu/ScnGpuFramebuff.h; sourceTree = SOURCE_ROOT; };
		2C0C0F602E4A0E400059A78F /* ScnGpuFramebuffProps.h */ = {isa = PBXFileReference; lastKnownFileType = sourcecode.c.h; name = ScnGpuFramebuffProps.h; path = ../../../include/ixrender/gpu/ScnGpuFramebuffProps.h; sourceTree = SOURCE_ROOT; };
		2C0C0F612E4A0E400059A78F /* ScnGpuModelProps2d.h */ = {isa = PBXFileReference; lastKnownFileType = sourcecode.c.h; name = ScnGpuModelProps2d.h; path = ../../../include/ixrender/gpu/ScnGpuModelProps2d.h; sourceTree = SOURCE_ROOT; };
		2C0C0F622E4A0E400059A78F /* ScnGpuRenderbuff.h */ = {isa = PBXFileReference; lastKnownFileType = sourcecode.c.h; name = ScnGpuRenderbuff.h; path = ../../../include/ixrender/gpu/ScnGpuRenderbuff.h; sourceTree = SOURCE_ROOT; };
		2C0C0F632E4A0E400059A78F /* ScnGpuRenderJob.h */ = {isa = PBXFileReference; lastKnownFileType = sourcecode.c.h; name = ScnGpuRenderJob.h; path = ../../../include/ixrender/gpu/ScnGpuRenderJob.h; sourceTree = SOURCE_ROOT; };
		2C0C0F642E4A0E400059A78F /* ScnGpuSampler.h */ = {isa = PBXFileReference; lastKnownFileType = sourcecode.c.h; name = ScnGpuSampler.h; path = ../../../include/ixrender/gpu/ScnGpuSampler.h; sourceTree = SOURCE_ROOT; };
		2C0C0F652E4A0E400059A78F /* ScnGpuTexture.h */ = {isa = PBXFileReference; lastKnownFileType = sourcecode.c.h; name = ScnGpuTexture.h; path = ../../../include/ixrender/gpu/ScnGpuTexture.h; sourceTree = SOURCE_ROOT; };
		2C0C0F662E4A0E400059A78F /* ScnGpuVertexbuff.h */ = {isa = PBXFileReference; lastKnownFileType = sourcecode.c.h; name = ScnGpuVertexbuff.h; path = ../../../include/ixrender/gpu/ScnGpuVertexbuff.h; sourceTree = SOURCE_ROOT; };
		2C0C0F672E4A0E550059A78F /* ScnBuffer.h */ = {isa = PBXFileReference; lastKnownFileType = sourcecode.c.h; name = ScnBuffer.h; path = ../../../include/ixrender/scene/ScnBuffer.h; sourceTree = SOURCE_ROOT; };
		2C0C0F682E4A0E550059A78F /* ScnFramebuff.h */ = {isa = PBXFileReference; lastKnownFileType = sourcecode.c.h; name = ScnFramebuff.h; path = ../../../include/ixrender/scene/ScnFramebuff.h; sourceTree = SOURCE_ROOT; };
		2C0C0F692E4A0E550059A78F /* ScnModel2d.h */ = {isa = PBXFileReference; lastKnownFileType = sourcecode.c.h; name = ScnModel2d.h; path = ../../../include/ixrender/scene/ScnModel2d.h; sourceTree = SOURCE_ROOT; };
		2C0C0F6A2E4A0E550059A78F /* ScnNode2d.h */ = {isa = PBXFileReference; lastKnownFileType = sourcecode.c.h; name = ScnNode2d.h; path = ../../../include/ixrender/scene/ScnNode2d.h; sourceTree = SOURCE_ROOT; };
		2C0C0F6B2E4A0E550059A78F /* ScnNode2dProps.h */ = {isa = PBXFileReference; lastKnownFileType = sourcecode.c.h; name = ScnNode2dProps.h; path = ../../../include/ixrender/scene/ScnNode2dProps.h; sourceTree = SOURCE_ROOT; };
		2C0C0F6C2E4A0E550059A78F /* ScnRenderCmd.h */ = {isa = PBXFileReference; lastKnownFileType = sourcecode.c.h; name = ScnRenderCmd.h; path = ../../../include/ixrender/scene/ScnRenderCmd.h; sourceTree = SOURCE_ROOT; };
		2C0C0F6D2E4A0E550059A78F /* ScnRenderCmds.h */ = {isa = PBXFileReference; lastKnownFileType = sourcecode.c.h; name = ScnRenderCmds.h; path = ../../../include/ixrender/scene/ScnRenderCmds.h; sourceTree = SOURCE_ROOT; };
		2C0C0F6E2E4A0E550059A78F /* ScnRenderJob.h */ = {isa = PBXFileReference; lastKnownFileType = sourcecode.c.h; name = ScnRenderJob.h; path = ../../../include/ixrender/scene/ScnRenderJob.h; sourceTree = SOURCE_ROOT; };
		2C0C0F6F2E4A0E550059A78F /* ScnResourceMode.h */ = {isa = PBXFileReference; lastKnownFileType = sourcecode.c.h; name = ScnResourceMode.h; path = ../../../include/ixrender/scene/ScnResourceMode.h; sourceTree = SOURCE_ROOT; };
		2C0C0F702E4A0E550059A78F /* ScnTexture.h */ = {isa = PBXFileReference; lastKnownFileType = sourcecode.c.h; name = ScnTexture.h; path = ../../../include/ixrender/scene/ScnTexture.h; sourceTree = SOURCE_ROOT; };
		2C0C0F712E4A0E550059A78F /* ScnTransform2d.h */ = {isa = PBXFileReference; lastKnownFileType = sourcecode.c.h; name = ScnTransform2d.h; path = ../../../include/ixrender/scene/ScnTransform2d.h; sourceTree = SOURCE_ROOT; };
		2C0C0F722E4A0E550059A78F /* ScnVertexbuff.h */ = {isa = PBXFileReference; lastKnownFileType = sourcecode.c.h; name = ScnVertexbuff.h; path = ../../../include/ixrender/scene/ScnVertexbuff.h; sourceTree = SOURCE_ROOT; };
		2C0C0F732E4A0E550059A78F /* ScnVertexbuffs.h */ = {isa = PBXFileReference; lastKnownFileType = sourcecode.c.h; name = ScnVertexbuffs.h; path = ../../../include/ixrender/scene/ScnVertexbuffs.h; sourceTree = SOURCE_ROOT; };
		2C0C0F742E4A0E550059A78F /* ScnVertices.h */ = {isa = PBXFileReference; lastKnownFileType = sourcecode.c.h; name = ScnVertices.h; path = ../../../include/ixrender/scene/ScnVertices.h; sourceTree = SOURCE_ROOT; };
		2C0C0F752E4A0E6B0059A78F /* ScnAABBox.h */ = {isa = PBXFileReference; lastKnownFileType = sourcecode.c.h; name = ScnAABBox.h; path = ../../../include/ixrender/type/ScnAABBox.h; sourceTree = SOURCE_ROOT; };
		2C0C0F762E4A0E6B0059A78F /* ScnBitmap.h */ = {isa = PBXFileReference; lastKnownFileType = sourcecode.c.h; name = ScnBitmap.h; path = ../../../include/ixrender/type/ScnBitmap.h; sourceTree = SOURCE_ROOT; };
		2C0C0F772E4A0E6B0059A78F /* ScnBitmapProps.h */ = {isa = PBXFileReference; lastKnownFileType = sourcecode.c.h; name = ScnBitmapProps.h; path = ../../../include/ixrender/type/ScnBitmapProps.h; sourceTree = SOURCE_ROOT; };
		2C0C0F782E4A0E6B0059A78F /* ScnChangeRngs.h */ = {isa = PBXFileReference; lastKnownFileType = sourcecode.c.h; name = ScnChangeRngs.h; path = ../../../include/ixrender/type/ScnChangeRngs.h; sourceTree = SOURCE_ROOT; };
		2C0C0F792E4A0E6B0059A78F /* ScnColor.h */ = {isa = PBXFileReference; lastKnownFileType = sourcecode.c.h; name = ScnColor.h; path = ../../../include/ixrender/type/ScnColor.h; sourceTree = SOURCE_ROOT; };
		2C0C0F7A2E4A0E6B0059A78F /* ScnMatrix.h */ = {isa = PBXFileReference; lastKnownFileType = sourcecode.c.h; name = ScnMatrix.h; path = ../../../include/ixrender/type/ScnMatrix.h; sourceTree = SOURCE_ROOT; };
		2C0C0F7B2E4A0E6B0059A78F /* ScnPoint.h */ = {isa = PBXFileReference; lastKnownFileType = sourcecode.c.h; name = ScnPoint.h; path = ../../../include/ixrender/type/ScnPoint.h; sourceTree = SOURCE_ROOT; };
		2C0C0F7C2E4A0E6B0059A78F /* ScnRange.h */ = {isa = PBXFileReference; lastKnownFileType = sourcecode.c.h; name = ScnRange.h; path = ../../../include/ixrender/type/ScnRange.h; sourceTree = SOURCE_ROOT; };
		2C0C0F7D2E4A0E6B0059A78F /* ScnRect.h */ = {isa = PBXFileReference; lastKnownFileType = sourcecode.c.h; name = ScnRect.h; path = ../../../include/ixrender/type/ScnRect.h; sourceTree = SOURCE_ROOT; };
		2C0C0F7E2E4A0E6B0059A78F /* ScnSize.h */ = {isa = PBXFileReference; lastKnownFileType = sourcecode.c.h; name = ScnSize.h; path = ../../../include/ixrender/type/ScnSize.h; sourceTree = SOURCE_ROOT; };
		2C0C0F7F2E4A0F050059A78F /* cat256.png */ = {isa = PBXFileReference; lastKnownFileType = image.png; name = cat256.png; path = ../../../demos/cat256.png; sourceTree = SOURCE_ROOT; };
		2C0C0F802E4A0F050059A78F /* MetalKitViewDelegate.h */ = {isa = PBXFileReference; lastKnownFileType = sourcecode.c.h; name = MetalKitViewDelegate.h; path = ../../../demos/MetalKitViewDelegate.h; sourceTree = SOURCE_ROOT; };
		2C0C0F812E4A0F050059A78F /* MetalKitViewDelegate.m */ = {isa = PBXFileReference; lastKnownFileType = sourcecode.c.objc; name = MetalKitViewDelegate.m; path = ../../../demos/MetalKitViewDelegate.m; sourceTree = SOURCE_ROOT; };
		2C0C0F822E4A0F050059A78F /* nicabird.png */ = {isa = PBXFileReference; lastKnownFileType = image.png; name = nicabird.png; path = ../../../demos/nicabird.png; sourceTree = SOURCE_ROOT; };
		2C52E9BD2E4E6B8F00520297 /* ScnVertices.hlsl */ = {isa = PBXFileReference; lastKnownFileType = text; path = ScnVertices.hlsl; sourceTree = "<group>"; };
		2C52E9BF2E4E6B8F00520297 /* ScnApiDX12.cpp */ = {isa = PBXFileReference; lastKnownFileType = sourcecode.cpp.cpp; path = ScnApiDX12.cpp; sourceTree = "<group>"; };
		2C52E9C12E4E6BAE00520297 /* ScnApiDX12.h */ = {isa = PBXFileReference; lastKnownFileType = sourcecode.c.h; name = ScnApiDX12.h; path = "/Volumes/MacSSD_HFS/NIBSA_proyectos/CltMarcosOrtega/lib-ixtli-render/include/ixrender/api/ScnApiDX12.h"; sourceTree = "<absolute>"; };
		2CA243672E533E1A000A41C8 /* ScnApiMetalSampler.h */ = {isa = PBXFileReference; lastKnownFileType = sourcecode.c.h; path = ScnApiMetalSampler.h; sourceTree = "<group>"; };
		2CA243682E533E1A000A41C8 /* ScnApiMetalSampler.m */ = {isa = PBXFileReference; lastKnownFileType = sourcecode.c.objc; path = ScnApiMetalSampler.m; sourceTree = "<group>"; };
		2CA2436C2E533E31000A41C8 /* ScnApiMetalDevice.h */ = {isa = PBXFileReference; lastKnownFileType = sourcecode.c.h; path = ScnApiMetalDevice.h; sourceTree = "<group>"; };
		2CA2436D2E533E31000A41C8 /* ScnApiMetalDevice.m */ = {isa = PBXFileReference; lastKnownFileType = sourcecode.c.objc; path = ScnApiMetalDevice.m; sourceTree = "<group>"; };
		2CA243712E533E5D000A41C8 /* ScnApiMetalBuffer.h */ = {isa = PBXFileReference; lastKnownFileType = sourcecode.c.h; path = ScnApiMetalBuffer.h; sourceTree = "<group>"; };
		2CA243722E533E5D000A41C8 /* ScnApiMetalBuffer.m */ = {isa = PBXFileReference; lastKnownFileType = sourcecode.c.objc; path = ScnApiMetalBuffer.m; sourceTree = "<group>"; };
		2CA243762E533E79000A41C8 /* ScnApiMetalVertexbuff.h */ = {isa = PBXFileReference; lastKnownFileType = sourcecode.c.h; path = ScnApiMetalVertexbuff.h; sourceTree = "<group>"; };
		2CA243772E533E79000A41C8 /* ScnApiMetalVertexbuff.m */ = {isa = PBXFileReference; lastKnownFileType = sourcecode.c.objc; path = ScnApiMetalVertexbuff.m; sourceTree = "<group>"; };
		2CA2437B2E533ECB000A41C8 /* ScnApiMetalTexture.h */ = {isa = PBXFileReference; lastKnownFileType = sourcecode.c.h; path = ScnApiMetalTexture.h; sourceTree = "<group>"; };
		2CA2437C2E533ECB000A41C8 /* ScnApiMetalTexture.m */ = {isa = PBXFileReference; lastKnownFileType = sourcecode.c.objc; path = ScnApiMetalTexture.m; sourceTree = "<group>"; };
		2CA243802E533EEC000A41C8 /* ScnApiMetalRenderStates.h */ = {isa = PBXFileReference; lastKnownFileType = sourcecode.c.h; path = ScnApiMetalRenderStates.h; sourceTree = "<group>"; };
		2CA243812E533EEC000A41C8 /* ScnApiMetalRenderStates.m */ = {isa = PBXFileReference; lastKnownFileType = sourcecode.c.objc; path = ScnApiMetalRenderStates.m; sourceTree = "<group>"; };
		2CA243852E533F05000A41C8 /* ScnApiMetalFramebuff.h */ = {isa = PBXFileReference; lastKnownFileType = sourcecode.c.h; path = ScnApiMetalFramebuff.h; sourceTree = "<group>"; };
		2CA243862E533F05000A41C8 /* ScnApiMetalFramebuff.m */ = {isa = PBXFileReference; lastKnownFileType = sourcecode.c.objc; path = ScnApiMetalFramebuff.m; sourceTree = "<group>"; };
		2CA2438A2E533F1A000A41C8 /* ScnApiMetalRenderJobState.h */ = {isa = PBXFileReference; lastKnownFileType = sourcecode.c.h; path = ScnApiMetalRenderJobState.h; sourceTree = "<group>"; };
		2CA2438B2E533F1A000A41C8 /* ScnApiMetalRenderJobState.m */ = {isa = PBXFileReference; lastKnownFileType = sourcecode.c.objc; path = ScnApiMetalRenderJobState.m; sourceTree = "<group>"; };
		2CA2438F2E533F2A000A41C8 /* ScnApiMetalRenderJob.h */ = {isa = PBXFileReference; lastKnownFileType = sourcecode.c.h; path = ScnApiMetalRenderJob.h; sourceTree = "<group>"; };
		2CA243902E533F2A000A41C8 /* ScnApiMetalRenderJob.m */ = {isa = PBXFileReference; lastKnownFileType = sourcecode.c.objc; path = ScnApiMetalRenderJob.m; sourceTree = "<group>"; };
		2CA243942E5345C0000A41C8 /* ScnApiItf.h */ = {isa = PBXFileReference; lastKnownFileType = sourcecode.c.h; name = ScnApiItf.h; path = "/Volumes/MacSSD_HFS/NIBSA_proyectos/CltMarcosOrtega/lib-ixtli-render/include/ixrender/api/ScnApiItf.h"; sourceTree = "<absolute>"; };
		2CBB25C42E4A2E2C00FB68FE /* ixtli-render.metallib */ = {isa = PBXFileReference; explicitFileType = "archive.metal-library"; includeInIndex = 0; path = "ixtli-render.metallib"; sourceTree = BUILT_PRODUCTS_DIR; };
/* End PBXFileReference section */

/* Begin PBXFrameworksBuildPhase section */
		2C0C0EBE2E4A0CF90059A78F /* Frameworks */ = {
			isa = PBXFrameworksBuildPhase;
			buildActionMask = 2147483647;
			files = (
			);
			runOnlyForDeploymentPostprocessing = 0;
		};
		2C0C0EC82E4A0D3C0059A78F /* Frameworks */ = {
			isa = PBXFrameworksBuildPhase;
			buildActionMask = 2147483647;
			files = (
			);
			runOnlyForDeploymentPostprocessing = 0;
		};
/* End PBXFrameworksBuildPhase section */

/* Begin PBXGroup section */
		2C0C0EB72E4A0CF90059A78F = {
			isa = PBXGroup;
			children = (
				2C0C0EFF2E4A0D7D0059A78F /* ixrender */,
				2C0C0F4C2E4A0D8E0059A78F /* utils */,
				2C0C0F832E4A0F050059A78F /* demos */,
				2C0C0EC12E4A0CF90059A78F /* Products */,
			);
			sourceTree = "<group>";
		};
		2C0C0EC12E4A0CF90059A78F /* Products */ = {
			isa = PBXGroup;
			children = (
				2C0C0EC02E4A0CF90059A78F /* libixtli-render-mac.a */,
				2C0C0ECB2E4A0D3C0059A78F /* libixtli-render-ios.a */,
				2CBB25C42E4A2E2C00FB68FE /* ixtli-render.metallib */,
			);
			name = Products;
			sourceTree = "<group>";
		};
		2C0C0ED62E4A0D7D0059A78F /* shaders */ = {
			isa = PBXGroup;
			children = (
				2C0C0ED52E4A0D7D0059A78F /* ScnVertices.metal */,
			);
			name = shaders;
			path = ../../../src/ixrender/api/metal/shaders;
			sourceTree = SOURCE_ROOT;
		};
		2C0C0ED82E4A0D7D0059A78F /* metal */ = {
			isa = PBXGroup;
			children = (
				2C0C0ED62E4A0D7D0059A78F /* shaders */,
				2C0C0ED72E4A0D7D0059A78F /* ScnApiMetal.m */,
				2CA243672E533E1A000A41C8 /* ScnApiMetalSampler.h */,
				2CA243682E533E1A000A41C8 /* ScnApiMetalSampler.m */,
				2CA2436C2E533E31000A41C8 /* ScnApiMetalDevice.h */,
				2CA2436D2E533E31000A41C8 /* ScnApiMetalDevice.m */,
				2CA243712E533E5D000A41C8 /* ScnApiMetalBuffer.h */,
				2CA243722E533E5D000A41C8 /* ScnApiMetalBuffer.m */,
				2CA243762E533E79000A41C8 /* ScnApiMetalVertexbuff.h */,
				2CA243772E533E79000A41C8 /* ScnApiMetalVertexbuff.m */,
				2CA2437B2E533ECB000A41C8 /* ScnApiMetalTexture.h */,
				2CA2437C2E533ECB000A41C8 /* ScnApiMetalTexture.m */,
				2CA243802E533EEC000A41C8 /* ScnApiMetalRenderStates.h */,
				2CA243812E533EEC000A41C8 /* ScnApiMetalRenderStates.m */,
				2CA243852E533F05000A41C8 /* ScnApiMetalFramebuff.h */,
				2CA243862E533F05000A41C8 /* ScnApiMetalFramebuff.m */,
				2CA2438A2E533F1A000A41C8 /* ScnApiMetalRenderJobState.h */,
				2CA2438B2E533F1A000A41C8 /* ScnApiMetalRenderJobState.m */,
				2CA2438F2E533F2A000A41C8 /* ScnApiMetalRenderJob.h */,
				2CA243902E533F2A000A41C8 /* ScnApiMetalRenderJob.m */,
			);
			name = metal;
			path = ../../../src/ixrender/api/metal;
			sourceTree = SOURCE_ROOT;
		};
		2C0C0ED92E4A0D7D0059A78F /* api */ = {
			isa = PBXGroup;
			children = (
				2CA243942E5345C0000A41C8 /* ScnApiItf.h */,
				2C0C0F4F2E4A0E140059A78F /* ScnApiMetal.h */,
				2C52E9C12E4E6BAE00520297 /* ScnApiDX12.h */,
				2C0C0ED82E4A0D7D0059A78F /* metal */,
				2C52E9C02E4E6B8F00520297 /* dx12 */,
			);
			name = api;
			path = ../../../src/ixrender/api;
			sourceTree = SOURCE_ROOT;
		};
		2C0C0EE22E4A0D7D0059A78F /* core */ = {
			isa = PBXGroup;
			children = (
				2C0C0F532E4A0E2D0059A78F /* ScnCompare.h */,
				2C0C0F592E4A0E2D0059A78F /* ScnObjRef.h */,
				2C0C0F502E4A0E2D0059A78F /* ScnArray.h */,
				2C0C0EDA2E4A0D7D0059A78F /* ScnArray.c */,
				2C0C0F512E4A0E2D0059A78F /* ScnArrayEmbed.h */,
				2C0C0F522E4A0E2D0059A78F /* ScnArraySorted.h */,
				2C0C0EDB2E4A0D7D0059A78F /* ScnArraySorted.c */,
				2C0C0F542E4A0E2D0059A78F /* ScnContext.h */,
				2C0C0EDC2E4A0D7D0059A78F /* ScnContext.c */,
				2C0C0F552E4A0E2D0059A78F /* ScnMemBlock.h */,
				2C0C0EDD2E4A0D7D0059A78F /* ScnMemBlock.c */,
				2C0C0F562E4A0E2D0059A78F /* ScnMemElastic.h */,
				2C0C0EDE2E4A0D7D0059A78F /* ScnMemElastic.c */,
				2C0C0F572E4A0E2D0059A78F /* ScnMemory.h */,
				2C0C0EDF2E4A0D7D0059A78F /* ScnMemory.c */,
				2C0C0F582E4A0E2D0059A78F /* ScnMutex.h */,
				2C0C0EE02E4A0D7D0059A78F /* ScnMutex.c */,
				2C0C0F5A2E4A0E2D0059A78F /* ScnSharedPtr.h */,
				2C0C0EE12E4A0D7D0059A78F /* ScnSharedPtr.c */,
			);
			name = core;
			path = ../../../src/ixrender/core;
			sourceTree = SOURCE_ROOT;
		};
		2C0C0EEB2E4A0D7D0059A78F /* gpu */ = {
			isa = PBXGroup;
			children = (
				2C0C0F5C2E4A0E400059A78F /* ScnGpuDataType.h */,
				2C0C0F5E2E4A0E400059A78F /* ScnGpuDeviceDesc.h */,
				2C0C0F602E4A0E400059A78F /* ScnGpuFramebuffProps.h */,
				2C0C0F612E4A0E400059A78F /* ScnGpuModelProps2d.h */,
				2C0C0F5B2E4A0E400059A78F /* ScnGpuBuffer.h */,
				2C0C0EE32E4A0D7D0059A78F /* ScnGpuBuffer.c */,
				2C0C0F5D2E4A0E400059A78F /* ScnGpuDevice.h */,
				2C0C0EE42E4A0D7D0059A78F /* ScnGpuDevice.c */,
				2C0C0F5F2E4A0E400059A78F /* ScnGpuFramebuff.h */,
				2C0C0EE52E4A0D7D0059A78F /* ScnGpuFramebuff.c */,
				2C0C0F622E4A0E400059A78F /* ScnGpuRenderbuff.h */,
				2C0C0EE62E4A0D7D0059A78F /* ScnGpuRenderbuff.c */,
				2C0C0F632E4A0E400059A78F /* ScnGpuRenderJob.h */,
				2C0C0EE72E4A0D7D0059A78F /* ScnGpuRenderJob.c */,
				2C0C0F642E4A0E400059A78F /* ScnGpuSampler.h */,
				2C0C0EE82E4A0D7D0059A78F /* ScnGpuSampler.c */,
				2C0C0F652E4A0E400059A78F /* ScnGpuTexture.h */,
				2C0C0EE92E4A0D7D0059A78F /* ScnGpuTexture.c */,
				2C0C0F662E4A0E400059A78F /* ScnGpuVertexbuff.h */,
				2C0C0EEA2E4A0D7D0059A78F /* ScnGpuVertexbuff.c */,
			);
			name = gpu;
			path = ../../../src/ixrender/gpu;
			sourceTree = SOURCE_ROOT;
		};
		2C0C0EF62E4A0D7D0059A78F /* scene */ = {
			isa = PBXGroup;
			children = (
				2C0C0F6F2E4A0E550059A78F /* ScnResourceMode.h */,
				2C0C0F712E4A0E550059A78F /* ScnTransform2d.h */,
				2C0C0F742E4A0E550059A78F /* ScnVertices.h */,
				2C0C0F672E4A0E550059A78F /* ScnBuffer.h */,
				2C0C0EEC2E4A0D7D0059A78F /* ScnBuffer.c */,
				2C0C0F682E4A0E550059A78F /* ScnFramebuff.h */,
				2C0C0EED2E4A0D7D0059A78F /* ScnFramebuff.c */,
				2C0C0F692E4A0E550059A78F /* ScnModel2d.h */,
				2C0C0EEE2E4A0D7D0059A78F /* ScnModel2d.c */,
				2C0C0F6B2E4A0E550059A78F /* ScnNode2dProps.h */,
				2C0C0F6A2E4A0E550059A78F /* ScnNode2d.h */,
				2C0C0EEF2E4A0D7D0059A78F /* ScnNode2d.c */,
				2C0C0F6C2E4A0E550059A78F /* ScnRenderCmd.h */,
				2C0C0EF02E4A0D7D0059A78F /* ScnRenderCmd.c */,
				2C0C0F6D2E4A0E550059A78F /* ScnRenderCmds.h */,
				2C0C0EF12E4A0D7D0059A78F /* ScnRenderCmds.c */,
				2C0C0F6E2E4A0E550059A78F /* ScnRenderJob.h */,
				2C0C0EF22E4A0D7D0059A78F /* ScnRenderJob.c */,
				2C0C0F702E4A0E550059A78F /* ScnTexture.h */,
				2C0C0EF32E4A0D7D0059A78F /* ScnTexture.c */,
				2C0C0F722E4A0E550059A78F /* ScnVertexbuff.h */,
				2C0C0EF42E4A0D7D0059A78F /* ScnVertexbuff.c */,
				2C0C0F732E4A0E550059A78F /* ScnVertexbuffs.h */,
				2C0C0EF52E4A0D7D0059A78F /* ScnVertexbuffs.c */,
			);
			name = scene;
			path = ../../../src/ixrender/scene;
			sourceTree = SOURCE_ROOT;
		};
		2C0C0EFB2E4A0D7D0059A78F /* type */ = {
			isa = PBXGroup;
			children = (
				2C0C0F752E4A0E6B0059A78F /* ScnAABBox.h */,
				2C0C0F792E4A0E6B0059A78F /* ScnColor.h */,
				2C0C0F7A2E4A0E6B0059A78F /* ScnMatrix.h */,
				2C0C0F7B2E4A0E6B0059A78F /* ScnPoint.h */,
				2C0C0F7D2E4A0E6B0059A78F /* ScnRect.h */,
				2C0C0F7E2E4A0E6B0059A78F /* ScnSize.h */,
				2C0C0F762E4A0E6B0059A78F /* ScnBitmap.h */,
				2C0C0EF72E4A0D7D0059A78F /* ScnBitmap.c */,
				2C0C0F772E4A0E6B0059A78F /* ScnBitmapProps.h */,
				2C0C0EF82E4A0D7D0059A78F /* ScnBitmapProps.c */,
				2C0C0F782E4A0E6B0059A78F /* ScnChangeRngs.h */,
				2C0C0EF92E4A0D7D0059A78F /* ScnChangeRngs.c */,
				2C0C0F7C2E4A0E6B0059A78F /* ScnRange.h */,
				2C0C0EFA2E4A0D7D0059A78F /* ScnRange.c */,
			);
			name = type;
			path = ../../../src/ixrender/type;
			sourceTree = SOURCE_ROOT;
		};
		2C0C0EFF2E4A0D7D0059A78F /* ixrender */ = {
			isa = PBXGroup;
			children = (
				2C0C0F4D2E4A0DEF0059A78F /* ixtli-defs.h */,
				2C0C0EFC2E4A0D7D0059A78F /* ixtli-defs.c */,
				2C0C0F4E2E4A0DEF0059A78F /* ScnRender.h */,
				2C0C0EFD2E4A0D7D0059A78F /* ScnRender.c */,
				2C0C0EFB2E4A0D7D0059A78F /* type */,
				2C0C0EE22E4A0D7D0059A78F /* core */,
				2C0C0EEB2E4A0D7D0059A78F /* gpu */,
				2C0C0ED92E4A0D7D0059A78F /* api */,
				2C0C0EF62E4A0D7D0059A78F /* scene */,
			);
			name = ixrender;
			path = ../../../src/ixrender;
			sourceTree = SOURCE_ROOT;
		};
		2C0C0F4C2E4A0D8E0059A78F /* utils */ = {
			isa = PBXGroup;
			children = (
				2C0C0F462E4A0D8E0059A78F /* ScnMemMap.h */,
				2C0C0F472E4A0D8E0059A78F /* ScnMemMap.c */,
				2C0C0F482E4A0D8E0059A78F /* ScnPngLoader.c */,
				2C0C0F492E4A0D8E0059A78F /* SncPngLoader.h */,
				2C0C0F4A2E4A0D8E0059A78F /* spng.h */,
				2C0C0F4B2E4A0D8E0059A78F /* spng.c */,
			);
			name = utils;
			path = ../../../src/utils;
			sourceTree = SOURCE_ROOT;
		};
		2C0C0F832E4A0F050059A78F /* demos */ = {
			isa = PBXGroup;
			children = (
				2C0C0F7F2E4A0F050059A78F /* cat256.png */,
				2C0C0F802E4A0F050059A78F /* MetalKitViewDelegate.h */,
				2C0C0F812E4A0F050059A78F /* MetalKitViewDelegate.m */,
				2C0C0F822E4A0F050059A78F /* nicabird.png */,
			);
			name = demos;
			path = ../../../demos;
			sourceTree = SOURCE_ROOT;
		};
		2C52E9BE2E4E6B8F00520297 /* shaders */ = {
			isa = PBXGroup;
			children = (
				2C52E9BD2E4E6B8F00520297 /* ScnVertices.hlsl */,
			);
			path = shaders;
			sourceTree = "<group>";
		};
		2C52E9C02E4E6B8F00520297 /* dx12 */ = {
			isa = PBXGroup;
			children = (
				2C52E9BE2E4E6B8F00520297 /* shaders */,
				2C52E9BF2E4E6B8F00520297 /* ScnApiDX12.cpp */,
			);
			path = dx12;
			sourceTree = "<group>";
		};
/* End PBXGroup section */

/* Begin PBXHeadersBuildPhase section */
		2C0C0EBC2E4A0CF90059A78F /* Headers */ = {
			isa = PBXHeadersBuildPhase;
			buildActionMask = 2147483647;
			files = (
				2CA243832E533EEC000A41C8 /* ScnApiMetalRenderStates.h in Headers */,
				2CA243742E533E5D000A41C8 /* ScnApiMetalBuffer.h in Headers */,
				2CA2436E2E533E31000A41C8 /* ScnApiMetalDevice.h in Headers */,
				2CA243882E533F05000A41C8 /* ScnApiMetalFramebuff.h in Headers */,
				2CA2436A2E533E1A000A41C8 /* ScnApiMetalSampler.h in Headers */,
				2CA243792E533E79000A41C8 /* ScnApiMetalVertexbuff.h in Headers */,
				2CA243922E533F2A000A41C8 /* ScnApiMetalRenderJob.h in Headers */,
				2CA2438D2E533F1A000A41C8 /* ScnApiMetalRenderJobState.h in Headers */,
				2CA243952E5345C0000A41C8 /* ScnApiItf.h in Headers */,
				2CA2437D2E533ECB000A41C8 /* ScnApiMetalTexture.h in Headers */,
			);
			runOnlyForDeploymentPostprocessing = 0;
		};
/* End PBXHeadersBuildPhase section */

/* Begin PBXNativeTarget section */
		2C0C0EBF2E4A0CF90059A78F /* ixtli-render-mac */ = {
			isa = PBXNativeTarget;
			buildConfigurationList = 2C0C0EC42E4A0CF90059A78F /* Build configuration list for PBXNativeTarget "ixtli-render-mac" */;
			buildPhases = (
				2C0C0EBC2E4A0CF90059A78F /* Headers */,
				2C0C0EBD2E4A0CF90059A78F /* Sources */,
				2C0C0EBE2E4A0CF90059A78F /* Frameworks */,
			);
			buildRules = (
			);
			dependencies = (
			);
			name = "ixtli-render-mac";
			packageProductDependencies = (
			);
			productName = "ixtli-render";
			productReference = 2C0C0EC02E4A0CF90059A78F /* libixtli-render-mac.a */;
			productType = "com.apple.product-type.library.static";
		};
		2C0C0ECA2E4A0D3C0059A78F /* ixtli-render-ios */ = {
			isa = PBXNativeTarget;
			buildConfigurationList = 2C0C0ED22E4A0D3D0059A78F /* Build configuration list for PBXNativeTarget "ixtli-render-ios" */;
			buildPhases = (
				2C0C0EC72E4A0D3C0059A78F /* Sources */,
				2C0C0EC82E4A0D3C0059A78F /* Frameworks */,
				2C0C0EC92E4A0D3C0059A78F /* CopyFiles */,
			);
			buildRules = (
			);
			dependencies = (
			);
			name = "ixtli-render-ios";
			packageProductDependencies = (
			);
			productName = "ixtli-render-ios";
			productReference = 2C0C0ECB2E4A0D3C0059A78F /* libixtli-render-ios.a */;
			productType = "com.apple.product-type.library.static";
		};
		2CBB25C32E4A2E2C00FB68FE /* ixtli-render-metal */ = {
			isa = PBXNativeTarget;
			buildConfigurationList = 2CBB25C82E4A2E2C00FB68FE /* Build configuration list for PBXNativeTarget "ixtli-render-metal" */;
			buildPhases = (
				2CBB25C22E4A2E2C00FB68FE /* Sources */,
			);
			buildRules = (
			);
			dependencies = (
			);
			name = "ixtli-render-metal";
			packageProductDependencies = (
			);
			productName = "ixtli-render-metal";
			productReference = 2CBB25C42E4A2E2C00FB68FE /* ixtli-render.metallib */;
			productType = "com.apple.product-type.metal-library";
		};
/* End PBXNativeTarget section */

/* Begin PBXProject section */
		2C0C0EB82E4A0CF90059A78F /* Project object */ = {
			isa = PBXProject;
			attributes = {
				BuildIndependentTargetsInParallel = 1;
				LastUpgradeCheck = 1640;
				TargetAttributes = {
					2C0C0EBF2E4A0CF90059A78F = {
						CreatedOnToolsVersion = 16.4;
					};
					2C0C0ECA2E4A0D3C0059A78F = {
						CreatedOnToolsVersion = 16.4;
					};
					2CBB25C32E4A2E2C00FB68FE = {
						CreatedOnToolsVersion = 16.4;
					};
				};
			};
			buildConfigurationList = 2C0C0EBB2E4A0CF90059A78F /* Build configuration list for PBXProject "ixtli-render" */;
			developmentRegion = en;
			hasScannedForEncodings = 0;
			knownRegions = (
				en,
				Base,
			);
			mainGroup = 2C0C0EB72E4A0CF90059A78F;
			minimizedProjectReferenceProxies = 1;
			preferredProjectObjectVersion = 77;
			productRefGroup = 2C0C0EC12E4A0CF90059A78F /* Products */;
			projectDirPath = "";
			projectRoot = "";
			targets = (
				2C0C0EBF2E4A0CF90059A78F /* ixtli-render-mac */,
				2C0C0ECA2E4A0D3C0059A78F /* ixtli-render-ios */,
				2CBB25C32E4A2E2C00FB68FE /* ixtli-render-metal */,
			);
		};
/* End PBXProject section */

/* Begin PBXSourcesBuildPhase section */
		2C0C0EBD2E4A0CF90059A78F /* Sources */ = {
			isa = PBXSourcesBuildPhase;
			buildActionMask = 2147483647;
			files = (
				2C0C0F232E4A0D7D0059A78F /* ScnRenderJob.c in Sources */,
				2C0C0F252E4A0D7D0059A78F /* ScnVertexbuff.c in Sources */,
				2C0C0F262E4A0D7D0059A78F /* ScnContext.c in Sources */,
				2C0C0F272E4A0D7D0059A78F /* ScnRenderCmds.c in Sources */,
				2C0C0F292E4A0D7D0059A78F /* ScnMemBlock.c in Sources */,
				2CA243932E533F2A000A41C8 /* ScnApiMetalRenderJob.m in Sources */,
				2C0C0F2A2E4A0D7D0059A78F /* ScnGpuVertexbuff.c in Sources */,
				2CA243892E533F05000A41C8 /* ScnApiMetalFramebuff.m in Sources */,
				2C0C0F2B2E4A0D7D0059A78F /* ScnTexture.c in Sources */,
				2C0C0F2C2E4A0D7D0059A78F /* ScnVertexbuffs.c in Sources */,
				2C0C0F2D2E4A0D7D0059A78F /* ScnArraySorted.c in Sources */,
				2C0C0F2E2E4A0D7D0059A78F /* ScnChangeRngs.c in Sources */,
				2C0C0F2F2E4A0D7D0059A78F /* ixtli-defs.c in Sources */,
				2C0C0F302E4A0D7D0059A78F /* ScnGpuFramebuff.c in Sources */,
				2C0C0F312E4A0D7D0059A78F /* ScnBuffer.c in Sources */,
				2C0C0F322E4A0D7D0059A78F /* ScnMemElastic.c in Sources */,
				2C0C0F332E4A0D7D0059A78F /* ScnNode2d.c in Sources */,
				2C0C0F342E4A0D7D0059A78F /* ScnRender.c in Sources */,
				2C0C0F352E4A0D7D0059A78F /* ScnGpuTexture.c in Sources */,
				2C0C0F362E4A0D7D0059A78F /* ScnGpuBuffer.c in Sources */,
				2C0C0F372E4A0D7D0059A78F /* ScnRange.c in Sources */,
				2CA2438E2E533F1A000A41C8 /* ScnApiMetalRenderJobState.m in Sources */,
				2C0C0F382E4A0D7D0059A78F /* ScnGpuDevice.c in Sources */,
				2C0C0F392E4A0D7D0059A78F /* ScnBitmapProps.c in Sources */,
				2C0C0F3A2E4A0D7D0059A78F /* ScnMemory.c in Sources */,
				2CA2436F2E533E31000A41C8 /* ScnApiMetalDevice.m in Sources */,
				2C0C0F3B2E4A0D7D0059A78F /* ScnArray.c in Sources */,
				2C0C0F3C2E4A0D7D0059A78F /* ScnGpuSampler.c in Sources */,
				2CA2437E2E533ECB000A41C8 /* ScnApiMetalTexture.m in Sources */,
				2C0C0F3D2E4A0D7D0059A78F /* ScnApiMetal.m in Sources */,
				2C0C0F3E2E4A0D7D0059A78F /* ScnFramebuff.c in Sources */,
				2CA243752E533E5D000A41C8 /* ScnApiMetalBuffer.m in Sources */,
				2C0C0F3F2E4A0D7D0059A78F /* ScnGpuRenderbuff.c in Sources */,
				2CA243842E533EEC000A41C8 /* ScnApiMetalRenderStates.m in Sources */,
				2C0C0F402E4A0D7D0059A78F /* ScnSharedPtr.c in Sources */,
				2C0C0F412E4A0D7D0059A78F /* ScnGpuRenderJob.c in Sources */,
				2C0C0F422E4A0D7D0059A78F /* ScnRenderCmd.c in Sources */,
				2C0C0F432E4A0D7D0059A78F /* ScnMutex.c in Sources */,
				2C0C0F442E4A0D7D0059A78F /* ScnModel2d.c in Sources */,
				2CA2437A2E533E79000A41C8 /* ScnApiMetalVertexbuff.m in Sources */,
				2CA2436B2E533E1A000A41C8 /* ScnApiMetalSampler.m in Sources */,
				2C0C0F452E4A0D7D0059A78F /* ScnBitmap.c in Sources */,
			);
			runOnlyForDeploymentPostprocessing = 0;
		};
		2C0C0EC72E4A0D3C0059A78F /* Sources */ = {
			isa = PBXSourcesBuildPhase;
			buildActionMask = 2147483647;
			files = (
				2C0C0F002E4A0D7D0059A78F /* ScnRenderJob.c in Sources */,
				2C0C0F022E4A0D7D0059A78F /* ScnVertexbuff.c in Sources */,
				2C0C0F032E4A0D7D0059A78F /* ScnContext.c in Sources */,
				2C0C0F042E4A0D7D0059A78F /* ScnRenderCmds.c in Sources */,
				2C0C0F062E4A0D7D0059A78F /* ScnMemBlock.c in Sources */,
				2CA243912E533F2A000A41C8 /* ScnApiMetalRenderJob.m in Sources */,
				2C0C0F072E4A0D7D0059A78F /* ScnGpuVertexbuff.c in Sources */,
				2CA243872E533F05000A41C8 /* ScnApiMetalFramebuff.m in Sources */,
				2C0C0F082E4A0D7D0059A78F /* ScnTexture.c in Sources */,
				2C0C0F092E4A0D7D0059A78F /* ScnVertexbuffs.c in Sources */,
				2C0C0F0A2E4A0D7D0059A78F /* ScnArraySorted.c in Sources */,
				2C0C0F0B2E4A0D7D0059A78F /* ScnChangeRngs.c in Sources */,
				2C0C0F0C2E4A0D7D0059A78F /* ixtli-defs.c in Sources */,
				2C0C0F0D2E4A0D7D0059A78F /* ScnGpuFramebuff.c in Sources */,
				2C0C0F0E2E4A0D7D0059A78F /* ScnBuffer.c in Sources */,
				2C0C0F0F2E4A0D7D0059A78F /* ScnMemElastic.c in Sources */,
				2C0C0F102E4A0D7D0059A78F /* ScnNode2d.c in Sources */,
				2C0C0F112E4A0D7D0059A78F /* ScnRender.c in Sources */,
				2C0C0F122E4A0D7D0059A78F /* ScnGpuTexture.c in Sources */,
				2C0C0F132E4A0D7D0059A78F /* ScnGpuBuffer.c in Sources */,
				2C0C0F142E4A0D7D0059A78F /* ScnRange.c in Sources */,
				2CA2438C2E533F1A000A41C8 /* ScnApiMetalRenderJobState.m in Sources */,
				2C0C0F152E4A0D7D0059A78F /* ScnGpuDevice.c in Sources */,
				2C0C0F162E4A0D7D0059A78F /* ScnBitmapProps.c in Sources */,
				2C0C0F172E4A0D7D0059A78F /* ScnMemory.c in Sources */,
				2CA243702E533E31000A41C8 /* ScnApiMetalDevice.m in Sources */,
				2C0C0F182E4A0D7D0059A78F /* ScnArray.c in Sources */,
				2C0C0F192E4A0D7D0059A78F /* ScnGpuSampler.c in Sources */,
				2CA2437F2E533ECB000A41C8 /* ScnApiMetalTexture.m in Sources */,
				2C0C0F1A2E4A0D7D0059A78F /* ScnApiMetal.m in Sources */,
				2C0C0F1B2E4A0D7D0059A78F /* ScnFramebuff.c in Sources */,
				2CA243732E533E5D000A41C8 /* ScnApiMetalBuffer.m in Sources */,
				2C0C0F1C2E4A0D7D0059A78F /* ScnGpuRenderbuff.c in Sources */,
				2CA243822E533EEC000A41C8 /* ScnApiMetalRenderStates.m in Sources */,
				2C0C0F1D2E4A0D7D0059A78F /* ScnSharedPtr.c in Sources */,
				2C0C0F1E2E4A0D7D0059A78F /* ScnGpuRenderJob.c in Sources */,
				2C0C0F1F2E4A0D7D0059A78F /* ScnRenderCmd.c in Sources */,
				2C0C0F202E4A0D7D0059A78F /* ScnMutex.c in Sources */,
				2C0C0F212E4A0D7D0059A78F /* ScnModel2d.c in Sources */,
				2CA243782E533E79000A41C8 /* ScnApiMetalVertexbuff.m in Sources */,
				2CA243692E533E1A000A41C8 /* ScnApiMetalSampler.m in Sources */,
				2C0C0F222E4A0D7D0059A78F /* ScnBitmap.c in Sources */,
			);
			runOnlyForDeploymentPostprocessing = 0;
		};
		2CBB25C22E4A2E2C00FB68FE /* Sources */ = {
			isa = PBXSourcesBuildPhase;
			buildActionMask = 2147483647;
			files = (
				2CBB25CB2E4A2E3400FB68FE /* ScnVertices.metal in Sources */,
			);
			runOnlyForDeploymentPostprocessing = 0;
		};
/* End PBXSourcesBuildPhase section */

/* Begin XCBuildConfiguration section */
		2C0C0EC22E4A0CF90059A78F /* Debug */ = {
			isa = XCBuildConfiguration;
			buildSettings = {
				ALWAYS_SEARCH_USER_PATHS = NO;
				ASSETCATALOG_COMPILER_GENERATE_SWIFT_ASSET_SYMBOL_EXTENSIONS = YES;
				CLANG_ANALYZER_NONNULL = YES;
				CLANG_ANALYZER_NUMBER_OBJECT_CONVERSION = YES_AGGRESSIVE;
				CLANG_CXX_LANGUAGE_STANDARD = "gnu++20";
				CLANG_ENABLE_MODULES = YES;
				CLANG_ENABLE_OBJC_ARC = NO;
				CLANG_ENABLE_OBJC_WEAK = YES;
				CLANG_WARN_ASSIGN_ENUM = YES;
				CLANG_WARN_BLOCK_CAPTURE_AUTORELEASING = YES;
				CLANG_WARN_BOOL_CONVERSION = YES;
				CLANG_WARN_COMMA = YES;
				CLANG_WARN_CONSTANT_CONVERSION = YES;
				CLANG_WARN_DEPRECATED_OBJC_IMPLEMENTATIONS = YES;
				CLANG_WARN_DIRECT_OBJC_ISA_USAGE = YES_ERROR;
				CLANG_WARN_DOCUMENTATION_COMMENTS = YES;
				CLANG_WARN_EMPTY_BODY = YES;
				CLANG_WARN_ENUM_CONVERSION = YES;
				CLANG_WARN_INFINITE_RECURSION = YES;
				CLANG_WARN_INT_CONVERSION = YES;
				CLANG_WARN_NON_LITERAL_NULL_CONVERSION = YES;
				CLANG_WARN_OBJC_IMPLICIT_RETAIN_SELF = YES;
				CLANG_WARN_OBJC_LITERAL_CONVERSION = YES;
				CLANG_WARN_OBJC_ROOT_CLASS = YES_ERROR;
				CLANG_WARN_QUOTED_INCLUDE_IN_FRAMEWORK_HEADER = YES;
				CLANG_WARN_RANGE_LOOP_ANALYSIS = YES;
				CLANG_WARN_STRICT_PROTOTYPES = YES;
				CLANG_WARN_SUSPICIOUS_MOVE = YES;
				CLANG_WARN_UNGUARDED_AVAILABILITY = YES_AGGRESSIVE;
				CLANG_WARN_UNREACHABLE_CODE = YES;
				CLANG_WARN__DUPLICATE_METHOD_MATCH = YES;
				COPY_PHASE_STRIP = NO;
				DEBUG_INFORMATION_FORMAT = dwarf;
				DEVELOPMENT_TEAM = 6UE6B358D8;
				ENABLE_STRICT_OBJC_MSGSEND = YES;
				ENABLE_TESTABILITY = YES;
				ENABLE_USER_SCRIPT_SANDBOXING = YES;
				GCC_C_LANGUAGE_STANDARD = gnu17;
				GCC_DYNAMIC_NO_PIC = NO;
				GCC_NO_COMMON_BLOCKS = YES;
				GCC_OPTIMIZATION_LEVEL = 0;
				GCC_PREPROCESSOR_DEFINITIONS = (
					"DEBUG=1",
					"$(inherited)",
				);
				GCC_WARN_64_TO_32_BIT_CONVERSION = YES;
				GCC_WARN_ABOUT_MISSING_FIELD_INITIALIZERS = YES;
				GCC_WARN_ABOUT_MISSING_NEWLINE = YES;
				GCC_WARN_ABOUT_RETURN_TYPE = YES_ERROR;
				GCC_WARN_INITIALIZER_NOT_FULLY_BRACKETED = YES;
				GCC_WARN_SIGN_COMPARE = YES;
				GCC_WARN_UNDECLARED_SELECTOR = YES;
				GCC_WARN_UNINITIALIZED_AUTOS = YES_AGGRESSIVE;
				GCC_WARN_UNUSED_FUNCTION = YES;
				GCC_WARN_UNUSED_VARIABLE = YES;
				LOCALIZATION_PREFERS_STRING_CATALOGS = YES;
				MACOSX_DEPLOYMENT_TARGET = 11.5;
				MTL_ENABLE_DEBUG_INFO = INCLUDE_SOURCE;
				MTL_FAST_MATH = YES;
				MTL_HEADER_SEARCH_PATHS = "$(SRCROOT)/../../../include";
				ONLY_ACTIVE_ARCH = YES;
				SDKROOT = macosx;
				USER_HEADER_SEARCH_PATHS = "$(SRCROOT)/../../../include";
			};
			name = Debug;
		};
		2C0C0EC32E4A0CF90059A78F /* Release */ = {
			isa = XCBuildConfiguration;
			buildSettings = {
				ALWAYS_SEARCH_USER_PATHS = NO;
				ASSETCATALOG_COMPILER_GENERATE_SWIFT_ASSET_SYMBOL_EXTENSIONS = YES;
				CLANG_ANALYZER_NONNULL = YES;
				CLANG_ANALYZER_NUMBER_OBJECT_CONVERSION = YES_AGGRESSIVE;
				CLANG_CXX_LANGUAGE_STANDARD = "gnu++20";
				CLANG_ENABLE_MODULES = YES;
				CLANG_ENABLE_OBJC_ARC = NO;
				CLANG_ENABLE_OBJC_WEAK = YES;
				CLANG_WARN_ASSIGN_ENUM = YES;
				CLANG_WARN_BLOCK_CAPTURE_AUTORELEASING = YES;
				CLANG_WARN_BOOL_CONVERSION = YES;
				CLANG_WARN_COMMA = YES;
				CLANG_WARN_CONSTANT_CONVERSION = YES;
				CLANG_WARN_DEPRECATED_OBJC_IMPLEMENTATIONS = YES;
				CLANG_WARN_DIRECT_OBJC_ISA_USAGE = YES_ERROR;
				CLANG_WARN_DOCUMENTATION_COMMENTS = YES;
				CLANG_WARN_EMPTY_BODY = YES;
				CLANG_WARN_ENUM_CONVERSION = YES;
				CLANG_WARN_INFINITE_RECURSION = YES;
				CLANG_WARN_INT_CONVERSION = YES;
				CLANG_WARN_NON_LITERAL_NULL_CONVERSION = YES;
				CLANG_WARN_OBJC_IMPLICIT_RETAIN_SELF = YES;
				CLANG_WARN_OBJC_LITERAL_CONVERSION = YES;
				CLANG_WARN_OBJC_ROOT_CLASS = YES_ERROR;
				CLANG_WARN_QUOTED_INCLUDE_IN_FRAMEWORK_HEADER = YES;
				CLANG_WARN_RANGE_LOOP_ANALYSIS = YES;
				CLANG_WARN_STRICT_PROTOTYPES = YES;
				CLANG_WARN_SUSPICIOUS_MOVE = YES;
				CLANG_WARN_UNGUARDED_AVAILABILITY = YES_AGGRESSIVE;
				CLANG_WARN_UNREACHABLE_CODE = YES;
				CLANG_WARN__DUPLICATE_METHOD_MATCH = YES;
				COPY_PHASE_STRIP = NO;
				DEBUG_INFORMATION_FORMAT = "dwarf-with-dsym";
				DEVELOPMENT_TEAM = 6UE6B358D8;
				ENABLE_NS_ASSERTIONS = NO;
				ENABLE_STRICT_OBJC_MSGSEND = YES;
				ENABLE_USER_SCRIPT_SANDBOXING = YES;
				GCC_C_LANGUAGE_STANDARD = gnu17;
				GCC_NO_COMMON_BLOCKS = YES;
				GCC_WARN_64_TO_32_BIT_CONVERSION = YES;
				GCC_WARN_ABOUT_MISSING_FIELD_INITIALIZERS = YES;
				GCC_WARN_ABOUT_MISSING_NEWLINE = YES;
				GCC_WARN_ABOUT_RETURN_TYPE = YES_ERROR;
				GCC_WARN_INITIALIZER_NOT_FULLY_BRACKETED = YES;
				GCC_WARN_SIGN_COMPARE = YES;
				GCC_WARN_UNDECLARED_SELECTOR = YES;
				GCC_WARN_UNINITIALIZED_AUTOS = YES_AGGRESSIVE;
				GCC_WARN_UNUSED_FUNCTION = YES;
				GCC_WARN_UNUSED_VARIABLE = YES;
				LOCALIZATION_PREFERS_STRING_CATALOGS = YES;
				MACOSX_DEPLOYMENT_TARGET = 11.5;
				MTL_ENABLE_DEBUG_INFO = NO;
				MTL_FAST_MATH = YES;
				MTL_HEADER_SEARCH_PATHS = "$(SRCROOT)/../../../include";
				SDKROOT = macosx;
				USER_HEADER_SEARCH_PATHS = "$(SRCROOT)/../../../include";
			};
			name = Release;
		};
		2C0C0EC52E4A0CF90059A78F /* Debug */ = {
			isa = XCBuildConfiguration;
			buildSettings = {
				EXECUTABLE_PREFIX = lib;
				PRODUCT_NAME = "$(TARGET_NAME)";
				SKIP_INSTALL = YES;
			};
			name = Debug;
		};
		2C0C0EC62E4A0CF90059A78F /* Release */ = {
			isa = XCBuildConfiguration;
			buildSettings = {
				EXECUTABLE_PREFIX = lib;
				PRODUCT_NAME = "$(TARGET_NAME)";
				SKIP_INSTALL = YES;
			};
			name = Release;
		};
		2C0C0ED32E4A0D3D0059A78F /* Debug */ = {
			isa = XCBuildConfiguration;
			buildSettings = {
				IPHONEOS_DEPLOYMENT_TARGET = 15.6;
				OTHER_LDFLAGS = "-ObjC";
				PRODUCT_NAME = "$(TARGET_NAME)";
				SDKROOT = iphoneos;
				SKIP_INSTALL = YES;
				TARGETED_DEVICE_FAMILY = "1,2";
			};
			name = Debug;
		};
		2C0C0ED42E4A0D3D0059A78F /* Release */ = {
			isa = XCBuildConfiguration;
			buildSettings = {
				IPHONEOS_DEPLOYMENT_TARGET = 15.6;
				OTHER_LDFLAGS = "-ObjC";
				PRODUCT_NAME = "$(TARGET_NAME)";
				SDKROOT = iphoneos;
				SKIP_INSTALL = YES;
				TARGETED_DEVICE_FAMILY = "1,2";
				VALIDATE_PRODUCT = YES;
			};
			name = Release;
		};
		2CBB25C92E4A2E2C00FB68FE /* Debug */ = {
			isa = XCBuildConfiguration;
			buildSettings = {
				CODE_SIGN_STYLE = Automatic;
				MACOSX_DEPLOYMENT_TARGET = 11.5;
				PRODUCT_NAME = "ixtli-render";
				VERSIONING_SYSTEM = "";
			};
			name = Debug;
		};
		2CBB25CA2E4A2E2C00FB68FE /* Release */ = {
			isa = XCBuildConfiguration;
			buildSettings = {
				CODE_SIGN_STYLE = Automatic;
				MACOSX_DEPLOYMENT_TARGET = 11.5;
				PRODUCT_NAME = "ixtli-render";
				VERSIONING_SYSTEM = "";
			};
			name = Release;
		};
/* End XCBuildConfiguration section */

/* Begin XCConfigurationList section */
		2C0C0EBB2E4A0CF90059A78F /* Build configuration list for PBXProject "ixtli-render" */ = {
			isa = XCConfigurationList;
			buildConfigurations = (
				2C0C0EC22E4A0CF90059A78F /* Debug */,
				2C0C0EC32E4A0CF90059A78F /* Release */,
			);
			defaultConfigurationIsVisible = 0;
			defaultConfigurationName = Release;
		};
		2C0C0EC42E4A0CF90059A78F /* Build configuration list for PBXNativeTarget "ixtli-render-mac" */ = {
			isa = XCConfigurationList;
			buildConfigurations = (
				2C0C0EC52E4A0CF90059A78F /* Debug */,
				2C0C0EC62E4A0CF90059A78F /* Release */,
			);
			defaultConfigurationIsVisible = 0;
			defaultConfigurationName = Release;
		};
		2C0C0ED22E4A0D3D0059A78F /* Build configuration list for PBXNativeTarget "ixtli-render-ios" */ = {
			isa = XCConfigurationList;
			buildConfigurations = (
				2C0C0ED32E4A0D3D0059A78F /* Debug */,
				2C0C0ED42E4A0D3D0059A78F /* Release */,
			);
			defaultConfigurationIsVisible = 0;
			defaultConfigurationName = Release;
		};
		2CBB25C82E4A2E2C00FB68FE /* Build configuration list for PBXNativeTarget "ixtli-render-metal" */ = {
			isa = XCConfigurationList;
			buildConfigurations = (
				2CBB25C92E4A2E2C00FB68FE /* Debug */,
				2CBB25CA2E4A2E2C00FB68FE /* Release */,
			);
			defaultConfigurationIsVisible = 0;
			defaultConfigurationName = Release;
		};
/* End XCConfigurationList section */
	};
	rootObject = 2C0C0EB82E4A0CF90059A78F /* Project object */;
}
