// !$*UTF8*$!
{
	archiveVersion = 1;
	classes = {
	};
	objectVersion = 77;
	objects = {

/* Begin PBXBuildFile section */
		2C42DD9E2E3A2C9300EFC81E /* ScnGpuModelProps2D.h in Headers */ = {isa = PBXBuildFile; fileRef = 2C42DD9D2E3A2C9300EFC81E /* ScnGpuModelProps2D.h */; };
		2C42DDA22E3A2F1400EFC81E /* ScnMatrix.h in Headers */ = {isa = PBXBuildFile; fileRef = 2C42DDA12E3A2F1400EFC81E /* ScnMatrix.h */; };
		2C42DDA62E3A360900EFC81E /* ScnGpuFramebuffProps.h in Headers */ = {isa = PBXBuildFile; fileRef = 2C42DDA52E3A360900EFC81E /* ScnGpuFramebuffProps.h */; };
		2C42DDA92E3A49D100EFC81E /* ScnFramebuff.h in Headers */ = {isa = PBXBuildFile; fileRef = 2C42DDA72E3A49D100EFC81E /* ScnFramebuff.h */; };
		2C42DDAA2E3A49D100EFC81E /* ScnFramebuff.c in Sources */ = {isa = PBXBuildFile; fileRef = 2C42DDA82E3A49D100EFC81E /* ScnFramebuff.c */; };
		2C42DDB32E3A7C5D00EFC81E /* ScnMemMap.h in Headers */ = {isa = PBXBuildFile; fileRef = 2C42DDB02E3A7C5D00EFC81E /* ScnMemMap.h */; };
		2C42DDB42E3A7C5D00EFC81E /* ScnMemMap.c in Sources */ = {isa = PBXBuildFile; fileRef = 2C42DDB12E3A7C5D00EFC81E /* ScnMemMap.c */; };
		2C5CCF702E350A31007BBDA6 /* ScnContext.c in Sources */ = {isa = PBXBuildFile; fileRef = 2C5CCF6C2E350A31007BBDA6 /* ScnContext.c */; };
		2C5CCF712E350A31007BBDA6 /* ScnMemory.c in Sources */ = {isa = PBXBuildFile; fileRef = 2C5CCF6D2E350A31007BBDA6 /* ScnMemory.c */; };
		2C5CCF722E350A31007BBDA6 /* ScnMutex.c in Sources */ = {isa = PBXBuildFile; fileRef = 2C5CCF6E2E350A31007BBDA6 /* ScnMutex.c */; };
		2C5CCF732E350A31007BBDA6 /* ScnSharedPtr.c in Sources */ = {isa = PBXBuildFile; fileRef = 2C5CCF6F2E350A31007BBDA6 /* ScnSharedPtr.c */; };
		2C5CCFC72E3634C7007BBDA6 /* ScnMemBlock.c in Sources */ = {isa = PBXBuildFile; fileRef = 2C5CCFC52E3634C7007BBDA6 /* ScnMemBlock.c */; };
		2C5CCFC82E3634C7007BBDA6 /* ScnMemElastic.c in Sources */ = {isa = PBXBuildFile; fileRef = 2C5CCFC62E3634C7007BBDA6 /* ScnMemElastic.c */; };
		2C5CD01B2E3640C9007BBDA6 /* ScnRenderCmd.c in Sources */ = {isa = PBXBuildFile; fileRef = 2C5CCFCF2E36359D007BBDA6 /* ScnRenderCmd.c */; };
		2C5CD0202E36442E007BBDA6 /* ScnGpuBuffer.c in Sources */ = {isa = PBXBuildFile; fileRef = 2C5CCFA52E355776007BBDA6 /* ScnGpuBuffer.c */; };
		2C5CD0232E365591007BBDA6 /* ScnArraySorted.c in Sources */ = {isa = PBXBuildFile; fileRef = 2C5CCF912E352715007BBDA6 /* ScnArraySorted.c */; };
		2C5CD0242E365596007BBDA6 /* ScnArray.c in Sources */ = {isa = PBXBuildFile; fileRef = 2C5CCF902E352715007BBDA6 /* ScnArray.c */; };
		2C5CD0262E365874007BBDA6 /* ScnGpuTexture.c in Sources */ = {isa = PBXBuildFile; fileRef = 2C5CCFAD2E3557B8007BBDA6 /* ScnGpuTexture.c */; };
		2C5CD03C2E3661C4007BBDA6 /* ScnTransform2D.h in Headers */ = {isa = PBXBuildFile; fileRef = 2C5CD0392E3661C4007BBDA6 /* ScnTransform2D.h */; };
		2C5CD03E2E3661C4007BBDA6 /* ScnRenderCmd.h in Headers */ = {isa = PBXBuildFile; fileRef = 2C5CD0372E3661C4007BBDA6 /* ScnRenderCmd.h */; };
		2C5CD0402E3661C4007BBDA6 /* ScnNode2dProps.h in Headers */ = {isa = PBXBuildFile; fileRef = 2C5CD0332E3661C4007BBDA6 /* ScnNode2dProps.h */; };
		2C5CD0412E3661C4007BBDA6 /* ScnVertices.h in Headers */ = {isa = PBXBuildFile; fileRef = 2C5CD03B2E3661C4007BBDA6 /* ScnVertices.h */; };
		2C5CD0442E3661C4007BBDA6 /* ScnVertexbuffs.h in Headers */ = {isa = PBXBuildFile; fileRef = 2C5CD03A2E3661C4007BBDA6 /* ScnVertexbuffs.h */; };
		2C5CD04D2E3661D4007BBDA6 /* ScnGpuRenderbuff.h in Headers */ = {isa = PBXBuildFile; fileRef = 2C5CD04A2E3661D4007BBDA6 /* ScnGpuRenderbuff.h */; };
		2C5CD04E2E3661D4007BBDA6 /* ScnGpuTexture.h in Headers */ = {isa = PBXBuildFile; fileRef = 2C5CD04B2E3661D4007BBDA6 /* ScnGpuTexture.h */; };
		2C5CD04F2E3661D4007BBDA6 /* ScnGpuVertexbuff.h in Headers */ = {isa = PBXBuildFile; fileRef = 2C5CD04C2E3661D4007BBDA6 /* ScnGpuVertexbuff.h */; };
		2C5CD0502E3661D4007BBDA6 /* ScnGpuBuffer.h in Headers */ = {isa = PBXBuildFile; fileRef = 2C5CD0472E3661D4007BBDA6 /* ScnGpuBuffer.h */; };
		2C5CD0512E3661D4007BBDA6 /* ScnGpuDataType.h in Headers */ = {isa = PBXBuildFile; fileRef = 2C5CD0482E3661D4007BBDA6 /* ScnGpuDataType.h */; };
		2C5CD0522E3661D4007BBDA6 /* ScnGpuFramebuff.h in Headers */ = {isa = PBXBuildFile; fileRef = 2C5CD0492E3661D4007BBDA6 /* ScnGpuFramebuff.h */; };
		2C5CD05E2E3661E2007BBDA6 /* ScnArraySorted.h in Headers */ = {isa = PBXBuildFile; fileRef = 2C5CD0542E3661E2007BBDA6 /* ScnArraySorted.h */; };
		2C5CD05F2E3661E2007BBDA6 /* ScnMemBlock.h in Headers */ = {isa = PBXBuildFile; fileRef = 2C5CD0572E3661E2007BBDA6 /* ScnMemBlock.h */; };
		2C5CD0602E3661E2007BBDA6 /* ScnMemElastic.h in Headers */ = {isa = PBXBuildFile; fileRef = 2C5CD0582E3661E2007BBDA6 /* ScnMemElastic.h */; };
		2C5CD0612E3661E2007BBDA6 /* ScnMemory.h in Headers */ = {isa = PBXBuildFile; fileRef = 2C5CD0592E3661E2007BBDA6 /* ScnMemory.h */; };
		2C5CD0622E3661E2007BBDA6 /* ScnMutex.h in Headers */ = {isa = PBXBuildFile; fileRef = 2C5CD05A2E3661E2007BBDA6 /* ScnMutex.h */; };
		2C5CD0642E3661E2007BBDA6 /* ScnSharedPtr.h in Headers */ = {isa = PBXBuildFile; fileRef = 2C5CD05D2E3661E2007BBDA6 /* ScnSharedPtr.h */; };
		2C5CD0652E3661E2007BBDA6 /* ScnArray.h in Headers */ = {isa = PBXBuildFile; fileRef = 2C5CD0532E3661E2007BBDA6 /* ScnArray.h */; };
		2C5CD0662E3661E2007BBDA6 /* ScnObjRef.h in Headers */ = {isa = PBXBuildFile; fileRef = 2C5CD05C2E3661E2007BBDA6 /* ScnObjRef.h */; };
		2C5CD0672E3661E2007BBDA6 /* ScnCompare.h in Headers */ = {isa = PBXBuildFile; fileRef = 2C5CD0552E3661E2007BBDA6 /* ScnCompare.h */; };
		2C5CD0682E3661E2007BBDA6 /* ScnContext.h in Headers */ = {isa = PBXBuildFile; fileRef = 2C5CD0562E3661E2007BBDA6 /* ScnContext.h */; };
		2C5CD06B2E3661F2007BBDA6 /* ixtli-defs.h in Headers */ = {isa = PBXBuildFile; fileRef = 2C5CD0692E3661F2007BBDA6 /* ixtli-defs.h */; };
		2C5CD06C2E3661F2007BBDA6 /* ixtli-render.h in Headers */ = {isa = PBXBuildFile; fileRef = 2C5CD06A2E3661F2007BBDA6 /* ixtli-render.h */; };
		2C5CD06D2E366585007BBDA6 /* ScnGpuVertexbuff.c in Sources */ = {isa = PBXBuildFile; fileRef = 2C5CCFA92E355799007BBDA6 /* ScnGpuVertexbuff.c */; };
		2C5CD06E2E36667E007BBDA6 /* ScnGpuRenderbuff.c in Sources */ = {isa = PBXBuildFile; fileRef = 2C5CCFB32E355805007BBDA6 /* ScnGpuRenderbuff.c */; };
		2C5CD06F2E3667D5007BBDA6 /* ScnGpuFramebuff.c in Sources */ = {isa = PBXBuildFile; fileRef = 2C5CCFB72E355853007BBDA6 /* ScnGpuFramebuff.c */; };
		2C5CD0702E3669F2007BBDA6 /* ScnVertexbuffs.c in Sources */ = {isa = PBXBuildFile; fileRef = 2C5CCFD52E363607007BBDA6 /* ScnVertexbuffs.c */; };
		2C5CD0742E36A186007BBDA6 /* ScnRender.c in Sources */ = {isa = PBXBuildFile; fileRef = 2C5CD0732E36A186007BBDA6 /* ScnRender.c */; };
		2C5CD0752E36A186007BBDA6 /* ScnRender.h in Headers */ = {isa = PBXBuildFile; fileRef = 2C5CD0722E36A186007BBDA6 /* ScnRender.h */; };
		2C5CD07A2E36A72C007BBDA6 /* ScnBitmap.c in Sources */ = {isa = PBXBuildFile; fileRef = 2C5CD0762E36A72C007BBDA6 /* ScnBitmap.c */; };
		2C5CD07B2E36A72C007BBDA6 /* ScnRange.c in Sources */ = {isa = PBXBuildFile; fileRef = 2C5CD0772E36A72C007BBDA6 /* ScnRange.c */; };
		2C5CD0832E36A74C007BBDA6 /* ScnSize.h in Headers */ = {isa = PBXBuildFile; fileRef = 2C5CD0822E36A74C007BBDA6 /* ScnSize.h */; };
		2C5CD0842E36A74C007BBDA6 /* ScnColor.h in Headers */ = {isa = PBXBuildFile; fileRef = 2C5CD07E2E36A74C007BBDA6 /* ScnColor.h */; };
		2C5CD0852E36A74C007BBDA6 /* ScnPoint.h in Headers */ = {isa = PBXBuildFile; fileRef = 2C5CD07F2E36A74C007BBDA6 /* ScnPoint.h */; };
		2C5CD0862E36A74C007BBDA6 /* ScnBitmap.h in Headers */ = {isa = PBXBuildFile; fileRef = 2C5CD07D2E36A74C007BBDA6 /* ScnBitmap.h */; };
		2C5CD0872E36A74C007BBDA6 /* ScnRange.h in Headers */ = {isa = PBXBuildFile; fileRef = 2C5CD0802E36A74C007BBDA6 /* ScnRange.h */; };
		2C5CD0882E36A74C007BBDA6 /* ScnRect.h in Headers */ = {isa = PBXBuildFile; fileRef = 2C5CD0812E36A74C007BBDA6 /* ScnRect.h */; };
		2C5CD08A2E36A86B007BBDA6 /* ScnGpuDevice.h in Headers */ = {isa = PBXBuildFile; fileRef = 2C5CD0892E36A86B007BBDA6 /* ScnGpuDevice.h */; };
		2C5CD08C2E36A879007BBDA6 /* ScnGpuDevice.c in Sources */ = {isa = PBXBuildFile; fileRef = 2C5CD08B2E36A879007BBDA6 /* ScnGpuDevice.c */; };
		2C5CD0912E36A979007BBDA6 /* ScnApiMetal.m in Sources */ = {isa = PBXBuildFile; fileRef = 2C5CD0902E36A979007BBDA6 /* ScnApiMetal.m */; };
		2C5CD0932E36A994007BBDA6 /* ScnApiMetal.h in Headers */ = {isa = PBXBuildFile; fileRef = 2C5CD0922E36A994007BBDA6 /* ScnApiMetal.h */; };
		2C5CD0E72E36C54B007BBDA6 /* ScnVertices.metal in Sources */ = {isa = PBXBuildFile; fileRef = 2C5CD0D92E36BDDD007BBDA6 /* ScnVertices.metal */; };
		2C5CD0EE2E378A64007BBDA6 /* ScnModel2d.h in Headers */ = {isa = PBXBuildFile; fileRef = 2C5CD0ED2E378A64007BBDA6 /* ScnModel2d.h */; };
		2C5CD0F02E378A78007BBDA6 /* ScnModel2d.c in Sources */ = {isa = PBXBuildFile; fileRef = 2C5CD0EF2E378A78007BBDA6 /* ScnModel2d.c */; };
		2C5CD0F52E37BC03007BBDA6 /* ScnVertexbuff.c in Sources */ = {isa = PBXBuildFile; fileRef = 2C5CD0F42E37BC03007BBDA6 /* ScnVertexbuff.c */; };
		2C5CD0F62E37BC03007BBDA6 /* ScnBuffer.c in Sources */ = {isa = PBXBuildFile; fileRef = 2C5CD0F22E37BC03007BBDA6 /* ScnBuffer.c */; };
		2C5CD0F72E37BC03007BBDA6 /* ScnVertexbuff.h in Headers */ = {isa = PBXBuildFile; fileRef = 2C5CD0F32E37BC03007BBDA6 /* ScnVertexbuff.h */; };
		2C5CD0F82E37BC03007BBDA6 /* ScnBuffer.h in Headers */ = {isa = PBXBuildFile; fileRef = 2C5CD0F12E37BC03007BBDA6 /* ScnBuffer.h */; };
		2C5CD0FB2E37BD10007BBDA6 /* ScnTexture.c in Sources */ = {isa = PBXBuildFile; fileRef = 2C5CD0FA2E37BD10007BBDA6 /* ScnTexture.c */; };
		2C5CD0FC2E37BD10007BBDA6 /* ScnTexture.h in Headers */ = {isa = PBXBuildFile; fileRef = 2C5CD0F92E37BD10007BBDA6 /* ScnTexture.h */; };
		2C9C87F62E3CBF00008005C8 /* ScnRenderCmd.c in Sources */ = {isa = PBXBuildFile; fileRef = 2C5CCFCF2E36359D007BBDA6 /* ScnRenderCmd.c */; };
		2C9C87F82E3CBF00008005C8 /* ScnVertices.metal in Sources */ = {isa = PBXBuildFile; fileRef = 2C5CD0D92E36BDDD007BBDA6 /* ScnVertices.metal */; };
		2C9C87F92E3CBF00008005C8 /* ScnMemBlock.c in Sources */ = {isa = PBXBuildFile; fileRef = 2C5CCFC52E3634C7007BBDA6 /* ScnMemBlock.c */; };
		2C9C87FA2E3CBF00008005C8 /* ScnContext.c in Sources */ = {isa = PBXBuildFile; fileRef = 2C5CCF6C2E350A31007BBDA6 /* ScnContext.c */; };
		2C9C87FC2E3CBF00008005C8 /* ScnRender.c in Sources */ = {isa = PBXBuildFile; fileRef = 2C5CD0732E36A186007BBDA6 /* ScnRender.c */; };
		2C9C87FD2E3CBF00008005C8 /* ScnMemory.c in Sources */ = {isa = PBXBuildFile; fileRef = 2C5CCF6D2E350A31007BBDA6 /* ScnMemory.c */; };
		2C9C87FE2E3CBF00008005C8 /* ScnGpuVertexbuff.c in Sources */ = {isa = PBXBuildFile; fileRef = 2C5CCFA92E355799007BBDA6 /* ScnGpuVertexbuff.c */; };
		2C9C88002E3CBF00008005C8 /* ScnFramebuff.c in Sources */ = {isa = PBXBuildFile; fileRef = 2C42DDA82E3A49D100EFC81E /* ScnFramebuff.c */; };
		2C9C88012E3CBF00008005C8 /* ScnVertexbuff.c in Sources */ = {isa = PBXBuildFile; fileRef = 2C5CD0F42E37BC03007BBDA6 /* ScnVertexbuff.c */; };
		2C9C88022E3CBF00008005C8 /* ScnMutex.c in Sources */ = {isa = PBXBuildFile; fileRef = 2C5CCF6E2E350A31007BBDA6 /* ScnMutex.c */; };
		2C9C88032E3CBF00008005C8 /* ScnBuffer.c in Sources */ = {isa = PBXBuildFile; fileRef = 2C5CD0F22E37BC03007BBDA6 /* ScnBuffer.c */; };
		2C9C88042E3CBF00008005C8 /* ScnSharedPtr.c in Sources */ = {isa = PBXBuildFile; fileRef = 2C5CCF6F2E350A31007BBDA6 /* ScnSharedPtr.c */; };
		2C9C88052E3CBF00008005C8 /* ScnTexture.c in Sources */ = {isa = PBXBuildFile; fileRef = 2C5CD0FA2E37BD10007BBDA6 /* ScnTexture.c */; };
		2C9C88062E3CBF00008005C8 /* ScnGpuRenderbuff.c in Sources */ = {isa = PBXBuildFile; fileRef = 2C5CCFB32E355805007BBDA6 /* ScnGpuRenderbuff.c */; };
		2C9C88072E3CBF00008005C8 /* ScnApiMetal.m in Sources */ = {isa = PBXBuildFile; fileRef = 2C5CD0902E36A979007BBDA6 /* ScnApiMetal.m */; };
		2C9C88082E3CBF00008005C8 /* ScnGpuDevice.c in Sources */ = {isa = PBXBuildFile; fileRef = 2C5CD08B2E36A879007BBDA6 /* ScnGpuDevice.c */; };
		2C9C88092E3CBF00008005C8 /* ScnBitmap.c in Sources */ = {isa = PBXBuildFile; fileRef = 2C5CD0762E36A72C007BBDA6 /* ScnBitmap.c */; };
		2C9C880A2E3CBF00008005C8 /* ScnGpuTexture.c in Sources */ = {isa = PBXBuildFile; fileRef = 2C5CCFAD2E3557B8007BBDA6 /* ScnGpuTexture.c */; };
		2C9C880B2E3CBF00008005C8 /* ScnRange.c in Sources */ = {isa = PBXBuildFile; fileRef = 2C5CD0772E36A72C007BBDA6 /* ScnRange.c */; };
		2C9C880C2E3CBF00008005C8 /* ScnModel2d.c in Sources */ = {isa = PBXBuildFile; fileRef = 2C5CD0EF2E378A78007BBDA6 /* ScnModel2d.c */; };
		2C9C880E2E3CBF00008005C8 /* ScnGpuBuffer.c in Sources */ = {isa = PBXBuildFile; fileRef = 2C5CCFA52E355776007BBDA6 /* ScnGpuBuffer.c */; };
		2C9C880F2E3CBF00008005C8 /* ScnMemElastic.c in Sources */ = {isa = PBXBuildFile; fileRef = 2C5CCFC62E3634C7007BBDA6 /* ScnMemElastic.c */; };
		2C9C88102E3CBF00008005C8 /* ScnGpuFramebuff.c in Sources */ = {isa = PBXBuildFile; fileRef = 2C5CCFB72E355853007BBDA6 /* ScnGpuFramebuff.c */; };
		2C9C88112E3CBF00008005C8 /* ScnArray.c in Sources */ = {isa = PBXBuildFile; fileRef = 2C5CCF902E352715007BBDA6 /* ScnArray.c */; };
		2C9C88132E3CBF00008005C8 /* ScnArraySorted.c in Sources */ = {isa = PBXBuildFile; fileRef = 2C5CCF912E352715007BBDA6 /* ScnArraySorted.c */; };
		2C9C88142E3CBF00008005C8 /* ScnVertexbuffs.c in Sources */ = {isa = PBXBuildFile; fileRef = 2C5CCFD52E363607007BBDA6 /* ScnVertexbuffs.c */; };
		2CB10CE82E3E49BC0056266A /* ScnNode2d.h in Headers */ = {isa = PBXBuildFile; fileRef = 2CB10CE62E3E49BC0056266A /* ScnNode2d.h */; };
		2CB10CE92E3E49BC0056266A /* ScnNode2d.c in Sources */ = {isa = PBXBuildFile; fileRef = 2CB10CE72E3E49BC0056266A /* ScnNode2d.c */; };
		2CB10CEA2E3E49BC0056266A /* ScnNode2d.c in Sources */ = {isa = PBXBuildFile; fileRef = 2CB10CE72E3E49BC0056266A /* ScnNode2d.c */; };
		2CB10CEC2E3E59E20056266A /* ScnAABBox.h in Headers */ = {isa = PBXBuildFile; fileRef = 2CB10CEB2E3E59E20056266A /* ScnAABBox.h */; };
		2CB10CEE2E3EB51C0056266A /* ScnArrayEmbed.h in Headers */ = {isa = PBXBuildFile; fileRef = 2CB10CED2E3EB51C0056266A /* ScnArrayEmbed.h */; };
/* End PBXBuildFile section */

/* Begin PBXCopyFilesBuildPhase section */
		2C9C87EA2E3CBECB008005C8 /* CopyFiles */ = {
			isa = PBXCopyFilesBuildPhase;
			buildActionMask = 2147483647;
			dstPath = "include/$(PRODUCT_NAME)";
			dstSubfolderSpec = 16;
			files = (
			);
			runOnlyForDeploymentPostprocessing = 0;
		};
/* End PBXCopyFilesBuildPhase section */

/* Begin PBXFileReference section */
		2C42DD9D2E3A2C9300EFC81E /* ScnGpuModelProps2D.h */ = {isa = PBXFileReference; lastKnownFileType = sourcecode.c.h; name = ScnGpuModelProps2D.h; path = ../../../include/ixrender/gpu/ScnGpuModelProps2D.h; sourceTree = SOURCE_ROOT; };
		2C42DDA12E3A2F1400EFC81E /* ScnMatrix.h */ = {isa = PBXFileReference; lastKnownFileType = sourcecode.c.h; name = ScnMatrix.h; path = ../../../include/ixrender/type/ScnMatrix.h; sourceTree = SOURCE_ROOT; };
		2C42DDA52E3A360900EFC81E /* ScnGpuFramebuffProps.h */ = {isa = PBXFileReference; lastKnownFileType = sourcecode.c.h; name = ScnGpuFramebuffProps.h; path = ../../../include/ixrender/gpu/ScnGpuFramebuffProps.h; sourceTree = SOURCE_ROOT; };
		2C42DDA72E3A49D100EFC81E /* ScnFramebuff.h */ = {isa = PBXFileReference; lastKnownFileType = sourcecode.c.h; name = ScnFramebuff.h; path = ../../../include/ixrender/scene/ScnFramebuff.h; sourceTree = SOURCE_ROOT; };
		2C42DDA82E3A49D100EFC81E /* ScnFramebuff.c */ = {isa = PBXFileReference; lastKnownFileType = sourcecode.c.c; name = ScnFramebuff.c; path = ../../../src/scene/ScnFramebuff.c; sourceTree = SOURCE_ROOT; };
		2C42DDB02E3A7C5D00EFC81E /* ScnMemMap.h */ = {isa = PBXFileReference; lastKnownFileType = sourcecode.c.h; name = ScnMemMap.h; path = ../../../utils/ScnMemMap.h; sourceTree = SOURCE_ROOT; };
		2C42DDB12E3A7C5D00EFC81E /* ScnMemMap.c */ = {isa = PBXFileReference; lastKnownFileType = sourcecode.c.c; name = ScnMemMap.c; path = ../../../utils/ScnMemMap.c; sourceTree = SOURCE_ROOT; };
		2C5CCF6C2E350A31007BBDA6 /* ScnContext.c */ = {isa = PBXFileReference; lastKnownFileType = sourcecode.c.c; name = ScnContext.c; path = ../../../src/core/ScnContext.c; sourceTree = SOURCE_ROOT; };
		2C5CCF6D2E350A31007BBDA6 /* ScnMemory.c */ = {isa = PBXFileReference; lastKnownFileType = sourcecode.c.c; name = ScnMemory.c; path = ../../../src/core/ScnMemory.c; sourceTree = SOURCE_ROOT; };
		2C5CCF6E2E350A31007BBDA6 /* ScnMutex.c */ = {isa = PBXFileReference; lastKnownFileType = sourcecode.c.c; name = ScnMutex.c; path = ../../../src/core/ScnMutex.c; sourceTree = SOURCE_ROOT; };
		2C5CCF6F2E350A31007BBDA6 /* ScnSharedPtr.c */ = {isa = PBXFileReference; lastKnownFileType = sourcecode.c.c; name = ScnSharedPtr.c; path = ../../../src/core/ScnSharedPtr.c; sourceTree = SOURCE_ROOT; };
		2C5CCF902E352715007BBDA6 /* ScnArray.c */ = {isa = PBXFileReference; lastKnownFileType = sourcecode.c.c; name = ScnArray.c; path = ../../../src/core/ScnArray.c; sourceTree = SOURCE_ROOT; };
		2C5CCF912E352715007BBDA6 /* ScnArraySorted.c */ = {isa = PBXFileReference; lastKnownFileType = sourcecode.c.c; name = ScnArraySorted.c; path = ../../../src/core/ScnArraySorted.c; sourceTree = SOURCE_ROOT; };
		2C5CCFA52E355776007BBDA6 /* ScnGpuBuffer.c */ = {isa = PBXFileReference; lastKnownFileType = sourcecode.c.c; name = ScnGpuBuffer.c; path = ../../../src/gpu/ScnGpuBuffer.c; sourceTree = SOURCE_ROOT; };
		2C5CCFA92E355799007BBDA6 /* ScnGpuVertexbuff.c */ = {isa = PBXFileReference; lastKnownFileType = sourcecode.c.c; name = ScnGpuVertexbuff.c; path = ../../../src/gpu/ScnGpuVertexbuff.c; sourceTree = SOURCE_ROOT; };
		2C5CCFAD2E3557B8007BBDA6 /* ScnGpuTexture.c */ = {isa = PBXFileReference; lastKnownFileType = sourcecode.c.c; name = ScnGpuTexture.c; path = ../../../src/gpu/ScnGpuTexture.c; sourceTree = SOURCE_ROOT; };
		2C5CCFB32E355805007BBDA6 /* ScnGpuRenderbuff.c */ = {isa = PBXFileReference; lastKnownFileType = sourcecode.c.c; name = ScnGpuRenderbuff.c; path = ../../../src/gpu/ScnGpuRenderbuff.c; sourceTree = SOURCE_ROOT; };
		2C5CCFB72E355853007BBDA6 /* ScnGpuFramebuff.c */ = {isa = PBXFileReference; lastKnownFileType = sourcecode.c.c; name = ScnGpuFramebuff.c; path = ../../../src/gpu/ScnGpuFramebuff.c; sourceTree = SOURCE_ROOT; };
		2C5CCFC52E3634C7007BBDA6 /* ScnMemBlock.c */ = {isa = PBXFileReference; lastKnownFileType = sourcecode.c.c; name = ScnMemBlock.c; path = ../../../src/core/ScnMemBlock.c; sourceTree = SOURCE_ROOT; };
		2C5CCFC62E3634C7007BBDA6 /* ScnMemElastic.c */ = {isa = PBXFileReference; lastKnownFileType = sourcecode.c.c; name = ScnMemElastic.c; path = ../../../src/core/ScnMemElastic.c; sourceTree = SOURCE_ROOT; };
		2C5CCFCF2E36359D007BBDA6 /* ScnRenderCmd.c */ = {isa = PBXFileReference; lastKnownFileType = sourcecode.c.c; name = ScnRenderCmd.c; path = ../../../src/scene/ScnRenderCmd.c; sourceTree = SOURCE_ROOT; };
		2C5CCFD52E363607007BBDA6 /* ScnVertexbuffs.c */ = {isa = PBXFileReference; lastKnownFileType = sourcecode.c.c; name = ScnVertexbuffs.c; path = ../../../src/scene/ScnVertexbuffs.c; sourceTree = SOURCE_ROOT; };
		2C5CD0332E3661C4007BBDA6 /* ScnNode2dProps.h */ = {isa = PBXFileReference; lastKnownFileType = sourcecode.c.h; name = ScnNode2dProps.h; path = ../../../include/ixrender/scene/ScnNode2dProps.h; sourceTree = SOURCE_ROOT; };
		2C5CD0372E3661C4007BBDA6 /* ScnRenderCmd.h */ = {isa = PBXFileReference; lastKnownFileType = sourcecode.c.h; name = ScnRenderCmd.h; path = ../../../include/ixrender/scene/ScnRenderCmd.h; sourceTree = SOURCE_ROOT; };
		2C5CD0392E3661C4007BBDA6 /* ScnTransform2D.h */ = {isa = PBXFileReference; lastKnownFileType = sourcecode.c.h; name = ScnTransform2D.h; path = ../../../include/ixrender/scene/ScnTransform2D.h; sourceTree = SOURCE_ROOT; };
		2C5CD03A2E3661C4007BBDA6 /* ScnVertexbuffs.h */ = {isa = PBXFileReference; lastKnownFileType = sourcecode.c.h; name = ScnVertexbuffs.h; path = ../../../include/ixrender/scene/ScnVertexbuffs.h; sourceTree = SOURCE_ROOT; };
		2C5CD03B2E3661C4007BBDA6 /* ScnVertices.h */ = {isa = PBXFileReference; lastKnownFileType = sourcecode.c.h; name = ScnVertices.h; path = ../../../include/ixrender/scene/ScnVertices.h; sourceTree = SOURCE_ROOT; };
		2C5CD0472E3661D4007BBDA6 /* ScnGpuBuffer.h */ = {isa = PBXFileReference; lastKnownFileType = sourcecode.c.h; name = ScnGpuBuffer.h; path = ../../../include/ixrender/gpu/ScnGpuBuffer.h; sourceTree = SOURCE_ROOT; };
		2C5CD0482E3661D4007BBDA6 /* ScnGpuDataType.h */ = {isa = PBXFileReference; lastKnownFileType = sourcecode.c.h; name = ScnGpuDataType.h; path = ../../../include/ixrender/gpu/ScnGpuDataType.h; sourceTree = SOURCE_ROOT; };
		2C5CD0492E3661D4007BBDA6 /* ScnGpuFramebuff.h */ = {isa = PBXFileReference; lastKnownFileType = sourcecode.c.h; name = ScnGpuFramebuff.h; path = ../../../include/ixrender/gpu/ScnGpuFramebuff.h; sourceTree = SOURCE_ROOT; };
		2C5CD04A2E3661D4007BBDA6 /* ScnGpuRenderbuff.h */ = {isa = PBXFileReference; lastKnownFileType = sourcecode.c.h; name = ScnGpuRenderbuff.h; path = ../../../include/ixrender/gpu/ScnGpuRenderbuff.h; sourceTree = SOURCE_ROOT; };
		2C5CD04B2E3661D4007BBDA6 /* ScnGpuTexture.h */ = {isa = PBXFileReference; lastKnownFileType = sourcecode.c.h; name = ScnGpuTexture.h; path = ../../../include/ixrender/gpu/ScnGpuTexture.h; sourceTree = SOURCE_ROOT; };
		2C5CD04C2E3661D4007BBDA6 /* ScnGpuVertexbuff.h */ = {isa = PBXFileReference; lastKnownFileType = sourcecode.c.h; name = ScnGpuVertexbuff.h; path = ../../../include/ixrender/gpu/ScnGpuVertexbuff.h; sourceTree = SOURCE_ROOT; };
		2C5CD0532E3661E2007BBDA6 /* ScnArray.h */ = {isa = PBXFileReference; lastKnownFileType = sourcecode.c.h; name = ScnArray.h; path = ../../../include/ixrender/core/ScnArray.h; sourceTree = SOURCE_ROOT; };
		2C5CD0542E3661E2007BBDA6 /* ScnArraySorted.h */ = {isa = PBXFileReference; lastKnownFileType = sourcecode.c.h; name = ScnArraySorted.h; path = ../../../include/ixrender/core/ScnArraySorted.h; sourceTree = SOURCE_ROOT; };
		2C5CD0552E3661E2007BBDA6 /* ScnCompare.h */ = {isa = PBXFileReference; lastKnownFileType = sourcecode.c.h; name = ScnCompare.h; path = ../../../include/ixrender/core/ScnCompare.h; sourceTree = SOURCE_ROOT; };
		2C5CD0562E3661E2007BBDA6 /* ScnContext.h */ = {isa = PBXFileReference; lastKnownFileType = sourcecode.c.h; name = ScnContext.h; path = ../../../include/ixrender/core/ScnContext.h; sourceTree = SOURCE_ROOT; };
		2C5CD0572E3661E2007BBDA6 /* ScnMemBlock.h */ = {isa = PBXFileReference; lastKnownFileType = sourcecode.c.h; name = ScnMemBlock.h; path = ../../../include/ixrender/core/ScnMemBlock.h; sourceTree = SOURCE_ROOT; };
		2C5CD0582E3661E2007BBDA6 /* ScnMemElastic.h */ = {isa = PBXFileReference; lastKnownFileType = sourcecode.c.h; name = ScnMemElastic.h; path = ../../../include/ixrender/core/ScnMemElastic.h; sourceTree = SOURCE_ROOT; };
		2C5CD0592E3661E2007BBDA6 /* ScnMemory.h */ = {isa = PBXFileReference; lastKnownFileType = sourcecode.c.h; name = ScnMemory.h; path = ../../../include/ixrender/core/ScnMemory.h; sourceTree = SOURCE_ROOT; };
		2C5CD05A2E3661E2007BBDA6 /* ScnMutex.h */ = {isa = PBXFileReference; lastKnownFileType = sourcecode.c.h; name = ScnMutex.h; path = ../../../include/ixrender/core/ScnMutex.h; sourceTree = SOURCE_ROOT; };
		2C5CD05C2E3661E2007BBDA6 /* ScnObjRef.h */ = {isa = PBXFileReference; lastKnownFileType = sourcecode.c.h; name = ScnObjRef.h; path = ../../../include/ixrender/core/ScnObjRef.h; sourceTree = SOURCE_ROOT; };
		2C5CD05D2E3661E2007BBDA6 /* ScnSharedPtr.h */ = {isa = PBXFileReference; lastKnownFileType = sourcecode.c.h; name = ScnSharedPtr.h; path = ../../../include/ixrender/core/ScnSharedPtr.h; sourceTree = SOURCE_ROOT; };
		2C5CD0692E3661F2007BBDA6 /* ixtli-defs.h */ = {isa = PBXFileReference; lastKnownFileType = sourcecode.c.h; name = "ixtli-defs.h"; path = "../../../include/ixrender/ixtli-defs.h"; sourceTree = SOURCE_ROOT; };
		2C5CD06A2E3661F2007BBDA6 /* ixtli-render.h */ = {isa = PBXFileReference; lastKnownFileType = sourcecode.c.h; name = "ixtli-render.h"; path = "../../../include/ixrender/ixtli-render.h"; sourceTree = SOURCE_ROOT; };
		2C5CD0722E36A186007BBDA6 /* ScnRender.h */ = {isa = PBXFileReference; lastKnownFileType = sourcecode.c.h; name = ScnRender.h; path = ../../../include/ixrender/ScnRender.h; sourceTree = SOURCE_ROOT; };
		2C5CD0732E36A186007BBDA6 /* ScnRender.c */ = {isa = PBXFileReference; lastKnownFileType = sourcecode.c.c; name = ScnRender.c; path = ../../../src/ScnRender.c; sourceTree = SOURCE_ROOT; };
		2C5CD0762E36A72C007BBDA6 /* ScnBitmap.c */ = {isa = PBXFileReference; lastKnownFileType = sourcecode.c.c; name = ScnBitmap.c; path = ../../../src/type/ScnBitmap.c; sourceTree = SOURCE_ROOT; };
		2C5CD0772E36A72C007BBDA6 /* ScnRange.c */ = {isa = PBXFileReference; lastKnownFileType = sourcecode.c.c; name = ScnRange.c; path = ../../../src/type/ScnRange.c; sourceTree = SOURCE_ROOT; };
		2C5CD07D2E36A74C007BBDA6 /* ScnBitmap.h */ = {isa = PBXFileReference; lastKnownFileType = sourcecode.c.h; name = ScnBitmap.h; path = ../../../include/ixrender/type/ScnBitmap.h; sourceTree = SOURCE_ROOT; };
		2C5CD07E2E36A74C007BBDA6 /* ScnColor.h */ = {isa = PBXFileReference; lastKnownFileType = sourcecode.c.h; name = ScnColor.h; path = ../../../include/ixrender/type/ScnColor.h; sourceTree = SOURCE_ROOT; };
		2C5CD07F2E36A74C007BBDA6 /* ScnPoint.h */ = {isa = PBXFileReference; lastKnownFileType = sourcecode.c.h; name = ScnPoint.h; path = ../../../include/ixrender/type/ScnPoint.h; sourceTree = SOURCE_ROOT; };
		2C5CD0802E36A74C007BBDA6 /* ScnRange.h */ = {isa = PBXFileReference; lastKnownFileType = sourcecode.c.h; name = ScnRange.h; path = ../../../include/ixrender/type/ScnRange.h; sourceTree = SOURCE_ROOT; };
		2C5CD0812E36A74C007BBDA6 /* ScnRect.h */ = {isa = PBXFileReference; lastKnownFileType = sourcecode.c.h; name = ScnRect.h; path = ../../../include/ixrender/type/ScnRect.h; sourceTree = SOURCE_ROOT; };
		2C5CD0822E36A74C007BBDA6 /* ScnSize.h */ = {isa = PBXFileReference; lastKnownFileType = sourcecode.c.h; name = ScnSize.h; path = ../../../include/ixrender/type/ScnSize.h; sourceTree = SOURCE_ROOT; };
		2C5CD0892E36A86B007BBDA6 /* ScnGpuDevice.h */ = {isa = PBXFileReference; lastKnownFileType = sourcecode.c.h; name = ScnGpuDevice.h; path = ../../../include/ixrender/gpu/ScnGpuDevice.h; sourceTree = SOURCE_ROOT; };
		2C5CD08B2E36A879007BBDA6 /* ScnGpuDevice.c */ = {isa = PBXFileReference; lastKnownFileType = sourcecode.c.c; name = ScnGpuDevice.c; path = ../../../src/gpu/ScnGpuDevice.c; sourceTree = SOURCE_ROOT; };
		2C5CD0902E36A979007BBDA6 /* ScnApiMetal.m */ = {isa = PBXFileReference; lastKnownFileType = sourcecode.c.objc; name = ScnApiMetal.m; path = ../../../src/api/metal/ScnApiMetal.m; sourceTree = SOURCE_ROOT; };
		2C5CD0922E36A994007BBDA6 /* ScnApiMetal.h */ = {isa = PBXFileReference; lastKnownFileType = sourcecode.c.h; name = ScnApiMetal.h; path = ../../../include/ixrender/api/ScnApiMetal.h; sourceTree = SOURCE_ROOT; };
		2C5CD0D92E36BDDD007BBDA6 /* ScnVertices.metal */ = {isa = PBXFileReference; lastKnownFileType = sourcecode.metal; name = ScnVertices.metal; path = ../../../src/api/metal/shaders/ScnVertices.metal; sourceTree = SOURCE_ROOT; };
		2C5CD0E02E36C526007BBDA6 /* ixtli-render-metal.metallib */ = {isa = PBXFileReference; explicitFileType = "archive.metal-library"; includeInIndex = 0; path = "ixtli-render-metal.metallib"; sourceTree = BUILT_PRODUCTS_DIR; };
		2C5CD0ED2E378A64007BBDA6 /* ScnModel2d.h */ = {isa = PBXFileReference; lastKnownFileType = sourcecode.c.h; name = ScnModel2d.h; path = ../../../include/ixrender/scene/ScnModel2d.h; sourceTree = SOURCE_ROOT; };
		2C5CD0EF2E378A78007BBDA6 /* ScnModel2d.c */ = {isa = PBXFileReference; lastKnownFileType = sourcecode.c.c; name = ScnModel2d.c; path = ../../../src/scene/ScnModel2d.c; sourceTree = SOURCE_ROOT; };
		2C5CD0F12E37BC03007BBDA6 /* ScnBuffer.h */ = {isa = PBXFileReference; lastKnownFileType = sourcecode.c.h; name = ScnBuffer.h; path = ../../../include/ixrender/scene/ScnBuffer.h; sourceTree = SOURCE_ROOT; };
		2C5CD0F22E37BC03007BBDA6 /* ScnBuffer.c */ = {isa = PBXFileReference; lastKnownFileType = sourcecode.c.c; name = ScnBuffer.c; path = ../../../src/scene/ScnBuffer.c; sourceTree = SOURCE_ROOT; };
		2C5CD0F32E37BC03007BBDA6 /* ScnVertexbuff.h */ = {isa = PBXFileReference; lastKnownFileType = sourcecode.c.h; name = ScnVertexbuff.h; path = ../../../include/ixrender/scene/ScnVertexbuff.h; sourceTree = SOURCE_ROOT; };
		2C5CD0F42E37BC03007BBDA6 /* ScnVertexbuff.c */ = {isa = PBXFileReference; lastKnownFileType = sourcecode.c.c; name = ScnVertexbuff.c; path = ../../../src/scene/ScnVertexbuff.c; sourceTree = SOURCE_ROOT; };
		2C5CD0F92E37BD10007BBDA6 /* ScnTexture.h */ = {isa = PBXFileReference; lastKnownFileType = sourcecode.c.h; name = ScnTexture.h; path = ../../../include/ixrender/scene/ScnTexture.h; sourceTree = SOURCE_ROOT; };
		2C5CD0FA2E37BD10007BBDA6 /* ScnTexture.c */ = {isa = PBXFileReference; lastKnownFileType = sourcecode.c.c; name = ScnTexture.c; path = ../../../src/scene/ScnTexture.c; sourceTree = SOURCE_ROOT; };
		2C9C87EC2E3CBECB008005C8 /* libixtlu-render-ios.a */ = {isa = PBXFileReference; explicitFileType = archive.ar; includeInIndex = 0; path = "libixtlu-render-ios.a"; sourceTree = BUILT_PRODUCTS_DIR; };
		2CB10CE62E3E49BC0056266A /* ScnNode2d.h */ = {isa = PBXFileReference; lastKnownFileType = sourcecode.c.h; name = ScnNode2d.h; path = "/Volumes/MacSSD_HFS/NIBSA_proyectos/CltMarcosOrtega/lib-ixtli-render/include/ixrender/scene/ScnNode2d.h"; sourceTree = "<absolute>"; };
		2CB10CE72E3E49BC0056266A /* ScnNode2d.c */ = {isa = PBXFileReference; lastKnownFileType = sourcecode.c.c; path = ScnNode2d.c; sourceTree = "<group>"; };
		2CB10CEB2E3E59E20056266A /* ScnAABBox.h */ = {isa = PBXFileReference; lastKnownFileType = sourcecode.c.h; name = ScnAABBox.h; path = "/Volumes/MacSSD_HFS/NIBSA_proyectos/CltMarcosOrtega/lib-ixtli-render/include/ixrender/type/ScnAABBox.h"; sourceTree = "<absolute>"; };
		2CB10CED2E3EB51C0056266A /* ScnArrayEmbed.h */ = {isa = PBXFileReference; lastKnownFileType = sourcecode.c.h; name = ScnArrayEmbed.h; path = "/Volumes/MacSSD_HFS/NIBSA_proyectos/CltMarcosOrtega/lib-ixtli-render/include/ixrender/core/ScnArrayEmbed.h"; sourceTree = "<absolute>"; };
		2CD60FAA2E34FBCC007BAF4D /* libixtli-render-mac.a */ = {isa = PBXFileReference; explicitFileType = archive.ar; includeInIndex = 0; path = "libixtli-render-mac.a"; sourceTree = BUILT_PRODUCTS_DIR; };
/* End PBXFileReference section */

/* Begin PBXFrameworksBuildPhase section */
		2C9C87E92E3CBECB008005C8 /* Frameworks */ = {
			isa = PBXFrameworksBuildPhase;
			buildActionMask = 2147483647;
			files = (
			);
			runOnlyForDeploymentPostprocessing = 0;
		};
		2CD60FA82E34FBCC007BAF4D /* Frameworks */ = {
			isa = PBXFrameworksBuildPhase;
			buildActionMask = 2147483647;
			files = (
			);
			runOnlyForDeploymentPostprocessing = 0;
		};
/* End PBXFrameworksBuildPhase section */

/* Begin PBXGroup section */
		2C42DDB22E3A7C5D00EFC81E /* utils */ = {
			isa = PBXGroup;
			children = (
				2C42DDB02E3A7C5D00EFC81E /* ScnMemMap.h */,
				2C42DDB12E3A7C5D00EFC81E /* ScnMemMap.c */,
			);
			name = utils;
			path = "/Volumes/MacSSD_HFS/NIBSA_proyectos/CltMarcosOrtega/lib-ixtli-render/utils";
			sourceTree = "<absolute>";
		};
		2C5CCF6A2E3509C8007BBDA6 /* core */ = {
			isa = PBXGroup;
			children = (
				2C5CD05C2E3661E2007BBDA6 /* ScnObjRef.h */,
				2C5CD0562E3661E2007BBDA6 /* ScnContext.h */,
				2C5CCF6C2E350A31007BBDA6 /* ScnContext.c */,
				2C5CD0592E3661E2007BBDA6 /* ScnMemory.h */,
				2C5CCF6D2E350A31007BBDA6 /* ScnMemory.c */,
				2C5CD05A2E3661E2007BBDA6 /* ScnMutex.h */,
				2C5CCF6E2E350A31007BBDA6 /* ScnMutex.c */,
				2C5CD05D2E3661E2007BBDA6 /* ScnSharedPtr.h */,
				2C5CCF6F2E350A31007BBDA6 /* ScnSharedPtr.c */,
				2C5CD0552E3661E2007BBDA6 /* ScnCompare.h */,
				2C5CD0532E3661E2007BBDA6 /* ScnArray.h */,
				2C5CCF902E352715007BBDA6 /* ScnArray.c */,
				2CB10CED2E3EB51C0056266A /* ScnArrayEmbed.h */,
				2C5CD0542E3661E2007BBDA6 /* ScnArraySorted.h */,
				2C5CCF912E352715007BBDA6 /* ScnArraySorted.c */,
				2C5CD0572E3661E2007BBDA6 /* ScnMemBlock.h */,
				2C5CCFC52E3634C7007BBDA6 /* ScnMemBlock.c */,
				2C5CD0582E3661E2007BBDA6 /* ScnMemElastic.h */,
				2C5CCFC62E3634C7007BBDA6 /* ScnMemElastic.c */,
			);
			name = core;
			path = ../../../src/core;
			sourceTree = SOURCE_ROOT;
		};
		2C5CCFA02E355724007BBDA6 /* gpu */ = {
			isa = PBXGroup;
			children = (
				2C5CD0482E3661D4007BBDA6 /* ScnGpuDataType.h */,
				2C5CD0892E36A86B007BBDA6 /* ScnGpuDevice.h */,
				2C5CD08B2E36A879007BBDA6 /* ScnGpuDevice.c */,
				2C5CD0472E3661D4007BBDA6 /* ScnGpuBuffer.h */,
				2C5CCFA52E355776007BBDA6 /* ScnGpuBuffer.c */,
				2C5CD04C2E3661D4007BBDA6 /* ScnGpuVertexbuff.h */,
				2C5CCFA92E355799007BBDA6 /* ScnGpuVertexbuff.c */,
				2C5CD0492E3661D4007BBDA6 /* ScnGpuFramebuff.h */,
				2C5CCFB72E355853007BBDA6 /* ScnGpuFramebuff.c */,
				2C5CD04B2E3661D4007BBDA6 /* ScnGpuTexture.h */,
				2C5CCFAD2E3557B8007BBDA6 /* ScnGpuTexture.c */,
				2C5CD04A2E3661D4007BBDA6 /* ScnGpuRenderbuff.h */,
				2C5CCFB32E355805007BBDA6 /* ScnGpuRenderbuff.c */,
				2C42DDA52E3A360900EFC81E /* ScnGpuFramebuffProps.h */,
				2C42DD9D2E3A2C9300EFC81E /* ScnGpuModelProps2D.h */,
			);
			name = gpu;
			path = ../../../src/gpu;
			sourceTree = SOURCE_ROOT;
		};
		2C5CCFBA2E355BAE007BBDA6 /* scene */ = {
			isa = PBXGroup;
			children = (
				2C5CD03B2E3661C4007BBDA6 /* ScnVertices.h */,
				2C5CD0392E3661C4007BBDA6 /* ScnTransform2D.h */,
				2C5CD0F12E37BC03007BBDA6 /* ScnBuffer.h */,
				2C5CD0F22E37BC03007BBDA6 /* ScnBuffer.c */,
				2C5CD0F32E37BC03007BBDA6 /* ScnVertexbuff.h */,
				2C5CD0F42E37BC03007BBDA6 /* ScnVertexbuff.c */,
				2C5CD03A2E3661C4007BBDA6 /* ScnVertexbuffs.h */,
				2C5CCFD52E363607007BBDA6 /* ScnVertexbuffs.c */,
				2C42DDA72E3A49D100EFC81E /* ScnFramebuff.h */,
				2C42DDA82E3A49D100EFC81E /* ScnFramebuff.c */,
				2C5CD0F92E37BD10007BBDA6 /* ScnTexture.h */,
				2C5CD0FA2E37BD10007BBDA6 /* ScnTexture.c */,
				2C5CD0372E3661C4007BBDA6 /* ScnRenderCmd.h */,
				2C5CCFCF2E36359D007BBDA6 /* ScnRenderCmd.c */,
				2C5CD0332E3661C4007BBDA6 /* ScnNode2dProps.h */,
				2CB10CE62E3E49BC0056266A /* ScnNode2d.h */,
				2CB10CE72E3E49BC0056266A /* ScnNode2d.c */,
				2C5CD0ED2E378A64007BBDA6 /* ScnModel2d.h */,
				2C5CD0EF2E378A78007BBDA6 /* ScnModel2d.c */,
			);
			name = scene;
			path = ../../../src/scene;
			sourceTree = SOURCE_ROOT;
		};
		2C5CD0792E36A72C007BBDA6 /* type */ = {
			isa = PBXGroup;
			children = (
				2C5CD0802E36A74C007BBDA6 /* ScnRange.h */,
				2C5CD0772E36A72C007BBDA6 /* ScnRange.c */,
				2C5CD07F2E36A74C007BBDA6 /* ScnPoint.h */,
				2C5CD0822E36A74C007BBDA6 /* ScnSize.h */,
				2C5CD07E2E36A74C007BBDA6 /* ScnColor.h */,
				2C5CD0812E36A74C007BBDA6 /* ScnRect.h */,
				2C42DDA12E3A2F1400EFC81E /* ScnMatrix.h */,
				2CB10CEB2E3E59E20056266A /* ScnAABBox.h */,
				2C5CD07D2E36A74C007BBDA6 /* ScnBitmap.h */,
				2C5CD0762E36A72C007BBDA6 /* ScnBitmap.c */,
			);
			path = type;
			sourceTree = "<group>";
		};
		2C5CD08D2E36A934007BBDA6 /* shaders */ = {
			isa = PBXGroup;
			children = (
				2C5CD0D92E36BDDD007BBDA6 /* ScnVertices.metal */,
			);
			path = shaders;
			sourceTree = "<group>";
		};
		2C5CD08E2E36A934007BBDA6 /* metal */ = {
			isa = PBXGroup;
			children = (
				2C5CD0902E36A979007BBDA6 /* ScnApiMetal.m */,
				2C5CD08D2E36A934007BBDA6 /* shaders */,
			);
			path = metal;
			sourceTree = "<group>";
		};
		2C5CD08F2E36A934007BBDA6 /* api */ = {
			isa = PBXGroup;
			children = (
				2C5CD0922E36A994007BBDA6 /* ScnApiMetal.h */,
				2C5CD08E2E36A934007BBDA6 /* metal */,
			);
			path = api;
			sourceTree = "<group>";
		};
		2CBBE48D2E34FD3B00CBC1AC /* src */ = {
			isa = PBXGroup;
			children = (
				2C5CD0692E3661F2007BBDA6 /* ixtli-defs.h */,
				2C5CD06A2E3661F2007BBDA6 /* ixtli-render.h */,
				2C5CD0722E36A186007BBDA6 /* ScnRender.h */,
				2C5CD0732E36A186007BBDA6 /* ScnRender.c */,
				2C5CCF6A2E3509C8007BBDA6 /* core */,
				2C5CD0792E36A72C007BBDA6 /* type */,
				2C5CCFA02E355724007BBDA6 /* gpu */,
				2C5CD08F2E36A934007BBDA6 /* api */,
				2C5CCFBA2E355BAE007BBDA6 /* scene */,
			);
			name = src;
			path = "/Volumes/MacSSD_HFS/NIBSA_proyectos/CltMarcosOrtega/lib-ixtli-render/src";
			sourceTree = "<absolute>";
		};
		2CD60FA12E34FBCC007BAF4D = {
			isa = PBXGroup;
			children = (
				2CBBE48D2E34FD3B00CBC1AC /* src */,
				2C42DDB22E3A7C5D00EFC81E /* utils */,
				2CD60FAB2E34FBCC007BAF4D /* Products */,
			);
			sourceTree = "<group>";
		};
		2CD60FAB2E34FBCC007BAF4D /* Products */ = {
			isa = PBXGroup;
			children = (
				2CD60FAA2E34FBCC007BAF4D /* libixtli-render-mac.a */,
				2C5CD0E02E36C526007BBDA6 /* ixtli-render-metal.metallib */,
				2C9C87EC2E3CBECB008005C8 /* libixtlu-render-ios.a */,
			);
			name = Products;
			sourceTree = "<group>";
		};
/* End PBXGroup section */

/* Begin PBXHeadersBuildPhase section */
		2CD60FA62E34FBCC007BAF4D /* Headers */ = {
			isa = PBXHeadersBuildPhase;
			buildActionMask = 2147483647;
			files = (
				2C5CD03C2E3661C4007BBDA6 /* ScnTransform2D.h in Headers */,
				2C42DD9E2E3A2C9300EFC81E /* ScnGpuModelProps2D.h in Headers */,
				2C5CD03E2E3661C4007BBDA6 /* ScnRenderCmd.h in Headers */,
				2C5CD0402E3661C4007BBDA6 /* ScnNode2dProps.h in Headers */,
				2C5CD0752E36A186007BBDA6 /* ScnRender.h in Headers */,
				2C5CD05E2E3661E2007BBDA6 /* ScnArraySorted.h in Headers */,
				2C5CD05F2E3661E2007BBDA6 /* ScnMemBlock.h in Headers */,
				2C5CD0602E3661E2007BBDA6 /* ScnMemElastic.h in Headers */,
				2C42DDA22E3A2F1400EFC81E /* ScnMatrix.h in Headers */,
				2C5CD0612E3661E2007BBDA6 /* ScnMemory.h in Headers */,
				2C5CD0622E3661E2007BBDA6 /* ScnMutex.h in Headers */,
				2C5CD0642E3661E2007BBDA6 /* ScnSharedPtr.h in Headers */,
				2C5CD0832E36A74C007BBDA6 /* ScnSize.h in Headers */,
				2CB10CEC2E3E59E20056266A /* ScnAABBox.h in Headers */,
				2C5CD0842E36A74C007BBDA6 /* ScnColor.h in Headers */,
				2C5CD0852E36A74C007BBDA6 /* ScnPoint.h in Headers */,
				2C5CD0F72E37BC03007BBDA6 /* ScnVertexbuff.h in Headers */,
				2C5CD0F82E37BC03007BBDA6 /* ScnBuffer.h in Headers */,
				2C5CD0FC2E37BD10007BBDA6 /* ScnTexture.h in Headers */,
				2C5CD0862E36A74C007BBDA6 /* ScnBitmap.h in Headers */,
				2C5CD0872E36A74C007BBDA6 /* ScnRange.h in Headers */,
				2C5CD08A2E36A86B007BBDA6 /* ScnGpuDevice.h in Headers */,
				2C5CD0882E36A74C007BBDA6 /* ScnRect.h in Headers */,
				2C5CD0652E3661E2007BBDA6 /* ScnArray.h in Headers */,
				2CB10CE82E3E49BC0056266A /* ScnNode2d.h in Headers */,
				2C5CD0662E3661E2007BBDA6 /* ScnObjRef.h in Headers */,
				2C5CD0EE2E378A64007BBDA6 /* ScnModel2d.h in Headers */,
				2C5CD0672E3661E2007BBDA6 /* ScnCompare.h in Headers */,
				2C5CD0932E36A994007BBDA6 /* ScnApiMetal.h in Headers */,
				2CB10CEE2E3EB51C0056266A /* ScnArrayEmbed.h in Headers */,
				2C5CD0682E3661E2007BBDA6 /* ScnContext.h in Headers */,
				2C5CD0412E3661C4007BBDA6 /* ScnVertices.h in Headers */,
				2C5CD04D2E3661D4007BBDA6 /* ScnGpuRenderbuff.h in Headers */,
				2C5CD06B2E3661F2007BBDA6 /* ixtli-defs.h in Headers */,
				2C5CD06C2E3661F2007BBDA6 /* ixtli-render.h in Headers */,
				2C5CD04E2E3661D4007BBDA6 /* ScnGpuTexture.h in Headers */,
				2C5CD04F2E3661D4007BBDA6 /* ScnGpuVertexbuff.h in Headers */,
				2C5CD0502E3661D4007BBDA6 /* ScnGpuBuffer.h in Headers */,
				2C5CD0512E3661D4007BBDA6 /* ScnGpuDataType.h in Headers */,
				2C5CD0522E3661D4007BBDA6 /* ScnGpuFramebuff.h in Headers */,
				2C5CD0442E3661C4007BBDA6 /* ScnVertexbuffs.h in Headers */,
				2C42DDA92E3A49D100EFC81E /* ScnFramebuff.h in Headers */,
				2C42DDA62E3A360900EFC81E /* ScnGpuFramebuffProps.h in Headers */,
				2C42DDB32E3A7C5D00EFC81E /* ScnMemMap.h in Headers */,
			);
			runOnlyForDeploymentPostprocessing = 0;
		};
/* End PBXHeadersBuildPhase section */

/* Begin PBXNativeTarget section */
		2C5CD0DF2E36C526007BBDA6 /* ixtli-render-metal */ = {
			isa = PBXNativeTarget;
			buildConfigurationList = 2C5CD0E42E36C526007BBDA6 /* Build configuration list for PBXNativeTarget "ixtli-render-metal" */;
			buildPhases = (
				2C5CD0DE2E36C526007BBDA6 /* Sources */,
			);
			buildRules = (
			);
			dependencies = (
			);
			name = "ixtli-render-metal";
			packageProductDependencies = (
			);
			productName = "ixtli-render-metal";
			productReference = 2C5CD0E02E36C526007BBDA6 /* ixtli-render-metal.metallib */;
			productType = "com.apple.product-type.metal-library";
		};
		2C9C87EB2E3CBECB008005C8 /* ixtlu-render-ios */ = {
			isa = PBXNativeTarget;
			buildConfigurationList = 2C9C87F52E3CBECB008005C8 /* Build configuration list for PBXNativeTarget "ixtlu-render-ios" */;
			buildPhases = (
				2C9C87E82E3CBECB008005C8 /* Sources */,
				2C9C87E92E3CBECB008005C8 /* Frameworks */,
				2C9C87EA2E3CBECB008005C8 /* CopyFiles */,
			);
			buildRules = (
			);
			dependencies = (
			);
			name = "ixtlu-render-ios";
			packageProductDependencies = (
			);
			productName = "ixtlu-render-ios";
			productReference = 2C9C87EC2E3CBECB008005C8 /* libixtlu-render-ios.a */;
			productType = "com.apple.product-type.library.static";
		};
		2CD60FA92E34FBCC007BAF4D /* ixtli-render-mac */ = {
			isa = PBXNativeTarget;
			buildConfigurationList = 2CD60FAE2E34FBCC007BAF4D /* Build configuration list for PBXNativeTarget "ixtli-render-mac" */;
			buildPhases = (
				2CD60FA62E34FBCC007BAF4D /* Headers */,
				2CD60FA72E34FBCC007BAF4D /* Sources */,
				2CD60FA82E34FBCC007BAF4D /* Frameworks */,
			);
			buildRules = (
			);
			dependencies = (
			);
			name = "ixtli-render-mac";
			packageProductDependencies = (
			);
			productName = "ixtli-render";
			productReference = 2CD60FAA2E34FBCC007BAF4D /* libixtli-render-mac.a */;
			productType = "com.apple.product-type.library.static";
		};
/* End PBXNativeTarget section */

/* Begin PBXProject section */
		2CD60FA22E34FBCC007BAF4D /* Project object */ = {
			isa = PBXProject;
			attributes = {
				BuildIndependentTargetsInParallel = 1;
				LastUpgradeCheck = 1640;
				TargetAttributes = {
					2C5CD0DF2E36C526007BBDA6 = {
						CreatedOnToolsVersion = 16.4;
					};
					2C9C87EB2E3CBECB008005C8 = {
						CreatedOnToolsVersion = 16.4;
					};
					2CD60FA92E34FBCC007BAF4D = {
						CreatedOnToolsVersion = 16.4;
					};
				};
			};
			buildConfigurationList = 2CD60FA52E34FBCC007BAF4D /* Build configuration list for PBXProject "ixtli-render" */;
			developmentRegion = en;
			hasScannedForEncodings = 0;
			knownRegions = (
				en,
				Base,
			);
			mainGroup = 2CD60FA12E34FBCC007BAF4D;
			minimizedProjectReferenceProxies = 1;
			preferredProjectObjectVersion = 77;
			productRefGroup = 2CD60FAB2E34FBCC007BAF4D /* Products */;
			projectDirPath = "";
			projectRoot = "";
			targets = (
				2CD60FA92E34FBCC007BAF4D /* ixtli-render-mac */,
				2C9C87EB2E3CBECB008005C8 /* ixtlu-render-ios */,
				2C5CD0DF2E36C526007BBDA6 /* ixtli-render-metal */,
			);
		};
/* End PBXProject section */

/* Begin PBXSourcesBuildPhase section */
		2C5CD0DE2E36C526007BBDA6 /* Sources */ = {
			isa = PBXSourcesBuildPhase;
			buildActionMask = 2147483647;
			files = (
				2C5CD0E72E36C54B007BBDA6 /* ScnVertices.metal in Sources */,
			);
			runOnlyForDeploymentPostprocessing = 0;
		};
		2C9C87E82E3CBECB008005C8 /* Sources */ = {
			isa = PBXSourcesBuildPhase;
			buildActionMask = 2147483647;
			files = (
				2C9C87F62E3CBF00008005C8 /* ScnRenderCmd.c in Sources */,
				2C9C87F82E3CBF00008005C8 /* ScnVertices.metal in Sources */,
				2C9C87F92E3CBF00008005C8 /* ScnMemBlock.c in Sources */,
				2C9C87FA2E3CBF00008005C8 /* ScnContext.c in Sources */,
				2C9C87FC2E3CBF00008005C8 /* ScnRender.c in Sources */,
				2C9C87FD2E3CBF00008005C8 /* ScnMemory.c in Sources */,
				2C9C87FE2E3CBF00008005C8 /* ScnGpuVertexbuff.c in Sources */,
				2C9C88002E3CBF00008005C8 /* ScnFramebuff.c in Sources */,
				2C9C88012E3CBF00008005C8 /* ScnVertexbuff.c in Sources */,
				2C9C88022E3CBF00008005C8 /* ScnMutex.c in Sources */,
				2C9C88032E3CBF00008005C8 /* ScnBuffer.c in Sources */,
				2C9C88042E3CBF00008005C8 /* ScnSharedPtr.c in Sources */,
				2C9C88052E3CBF00008005C8 /* ScnTexture.c in Sources */,
				2C9C88062E3CBF00008005C8 /* ScnGpuRenderbuff.c in Sources */,
				2C9C88072E3CBF00008005C8 /* ScnApiMetal.m in Sources */,
				2C9C88082E3CBF00008005C8 /* ScnGpuDevice.c in Sources */,
				2C9C88092E3CBF00008005C8 /* ScnBitmap.c in Sources */,
				2C9C880A2E3CBF00008005C8 /* ScnGpuTexture.c in Sources */,
				2C9C880B2E3CBF00008005C8 /* ScnRange.c in Sources */,
				2C9C880C2E3CBF00008005C8 /* ScnModel2d.c in Sources */,
				2C9C880E2E3CBF00008005C8 /* ScnGpuBuffer.c in Sources */,
				2C9C880F2E3CBF00008005C8 /* ScnMemElastic.c in Sources */,
				2C9C88102E3CBF00008005C8 /* ScnGpuFramebuff.c in Sources */,
				2C9C88112E3CBF00008005C8 /* ScnArray.c in Sources */,
				2CB10CEA2E3E49BC0056266A /* ScnNode2d.c in Sources */,
				2C9C88132E3CBF00008005C8 /* ScnArraySorted.c in Sources */,
				2C9C88142E3CBF00008005C8 /* ScnVertexbuffs.c in Sources */,
			);
			runOnlyForDeploymentPostprocessing = 0;
		};
		2CD60FA72E34FBCC007BAF4D /* Sources */ = {
			isa = PBXSourcesBuildPhase;
			buildActionMask = 2147483647;
			files = (
				2C5CD06F2E3667D5007BBDA6 /* ScnGpuFramebuff.c in Sources */,
				2C5CD0FB2E37BD10007BBDA6 /* ScnTexture.c in Sources */,
				2C5CD0262E365874007BBDA6 /* ScnGpuTexture.c in Sources */,
				2C5CD06D2E366585007BBDA6 /* ScnGpuVertexbuff.c in Sources */,
				2C5CD01B2E3640C9007BBDA6 /* ScnRenderCmd.c in Sources */,
				2C5CD06E2E36667E007BBDA6 /* ScnGpuRenderbuff.c in Sources */,
				2C5CD0F52E37BC03007BBDA6 /* ScnVertexbuff.c in Sources */,
				2C5CD0F62E37BC03007BBDA6 /* ScnBuffer.c in Sources */,
				2C5CD08C2E36A879007BBDA6 /* ScnGpuDevice.c in Sources */,
				2C5CCF702E350A31007BBDA6 /* ScnContext.c in Sources */,
				2C5CD0242E365596007BBDA6 /* ScnArray.c in Sources */,
				2C5CD07A2E36A72C007BBDA6 /* ScnBitmap.c in Sources */,
				2C5CD07B2E36A72C007BBDA6 /* ScnRange.c in Sources */,
				2C5CCFC72E3634C7007BBDA6 /* ScnMemBlock.c in Sources */,
				2C5CCFC82E3634C7007BBDA6 /* ScnMemElastic.c in Sources */,
				2C5CD0742E36A186007BBDA6 /* ScnRender.c in Sources */,
				2C5CCF712E350A31007BBDA6 /* ScnMemory.c in Sources */,
				2C5CCF722E350A31007BBDA6 /* ScnMutex.c in Sources */,
				2C5CCF732E350A31007BBDA6 /* ScnSharedPtr.c in Sources */,
				2C5CD0202E36442E007BBDA6 /* ScnGpuBuffer.c in Sources */,
				2C5CD0F02E378A78007BBDA6 /* ScnModel2d.c in Sources */,
				2C5CD0702E3669F2007BBDA6 /* ScnVertexbuffs.c in Sources */,
				2C5CD0232E365591007BBDA6 /* ScnArraySorted.c in Sources */,
				2C42DDAA2E3A49D100EFC81E /* ScnFramebuff.c in Sources */,
				2C5CD0912E36A979007BBDA6 /* ScnApiMetal.m in Sources */,
				2CB10CE92E3E49BC0056266A /* ScnNode2d.c in Sources */,
				2C42DDB42E3A7C5D00EFC81E /* ScnMemMap.c in Sources */,
			);
			runOnlyForDeploymentPostprocessing = 0;
		};
/* End PBXSourcesBuildPhase section */

/* Begin XCBuildConfiguration section */
		2C5CD0E52E36C526007BBDA6 /* Debug */ = {
			isa = XCBuildConfiguration;
			buildSettings = {
				CODE_SIGN_STYLE = Automatic;
				PRODUCT_NAME = "$(TARGET_NAME)";
				VERSIONING_SYSTEM = "";
			};
			name = Debug;
		};
		2C5CD0E62E36C526007BBDA6 /* Release */ = {
			isa = XCBuildConfiguration;
			buildSettings = {
				CODE_SIGN_STYLE = Automatic;
				PRODUCT_NAME = "$(TARGET_NAME)";
				VERSIONING_SYSTEM = "";
			};
			name = Release;
		};
		2C9C87F22E3CBECB008005C8 /* Debug */ = {
			isa = XCBuildConfiguration;
			buildSettings = {
				ALWAYS_SEARCH_USER_PATHS = NO;
				CODE_SIGN_STYLE = Automatic;
				IPHONEOS_DEPLOYMENT_TARGET = 15.6;
				OTHER_LDFLAGS = "-ObjC";
				PRODUCT_NAME = "$(TARGET_NAME)";
				SDKROOT = iphoneos;
				SKIP_INSTALL = YES;
				TARGETED_DEVICE_FAMILY = "1,2";
			};
			name = Debug;
		};
		2C9C87F32E3CBECB008005C8 /* Release */ = {
			isa = XCBuildConfiguration;
			buildSettings = {
				ALWAYS_SEARCH_USER_PATHS = NO;
				CODE_SIGN_STYLE = Automatic;
				IPHONEOS_DEPLOYMENT_TARGET = 15.6;
				OTHER_LDFLAGS = "-ObjC";
				PRODUCT_NAME = "$(TARGET_NAME)";
				SDKROOT = iphoneos;
				SKIP_INSTALL = YES;
				TARGETED_DEVICE_FAMILY = "1,2";
				VALIDATE_PRODUCT = YES;
			};
			name = Release;
		};
		2CD60FAC2E34FBCC007BAF4D /* Debug */ = {
			isa = XCBuildConfiguration;
			buildSettings = {
				ASSETCATALOG_COMPILER_GENERATE_SWIFT_ASSET_SYMBOL_EXTENSIONS = YES;
				CLANG_ANALYZER_NONNULL = YES;
				CLANG_ANALYZER_NUMBER_OBJECT_CONVERSION = YES_AGGRESSIVE;
				CLANG_CXX_LANGUAGE_STANDARD = "gnu++20";
				CLANG_ENABLE_MODULES = YES;
				CLANG_ENABLE_OBJC_ARC = NO;
				CLANG_ENABLE_OBJC_WEAK = YES;
				CLANG_WARN_BLOCK_CAPTURE_AUTORELEASING = YES;
				CLANG_WARN_BOOL_CONVERSION = YES;
				CLANG_WARN_COMMA = YES;
				CLANG_WARN_CONSTANT_CONVERSION = YES;
				CLANG_WARN_DEPRECATED_OBJC_IMPLEMENTATIONS = YES;
				CLANG_WARN_DIRECT_OBJC_ISA_USAGE = YES_ERROR;
				CLANG_WARN_DOCUMENTATION_COMMENTS = YES;
				CLANG_WARN_EMPTY_BODY = YES;
				CLANG_WARN_ENUM_CONVERSION = YES;
				CLANG_WARN_INFINITE_RECURSION = YES;
				CLANG_WARN_INT_CONVERSION = YES;
				CLANG_WARN_NON_LITERAL_NULL_CONVERSION = YES;
				CLANG_WARN_OBJC_IMPLICIT_RETAIN_SELF = YES;
				CLANG_WARN_OBJC_LITERAL_CONVERSION = YES;
				CLANG_WARN_OBJC_ROOT_CLASS = YES_ERROR;
				CLANG_WARN_QUOTED_INCLUDE_IN_FRAMEWORK_HEADER = YES;
				CLANG_WARN_RANGE_LOOP_ANALYSIS = YES;
				CLANG_WARN_STRICT_PROTOTYPES = YES;
				CLANG_WARN_SUSPICIOUS_MOVE = YES;
				CLANG_WARN_UNGUARDED_AVAILABILITY = YES_AGGRESSIVE;
				CLANG_WARN_UNREACHABLE_CODE = YES;
				CLANG_WARN__DUPLICATE_METHOD_MATCH = YES;
				COPY_PHASE_STRIP = NO;
				DEBUG_INFORMATION_FORMAT = dwarf;
				ENABLE_STRICT_OBJC_MSGSEND = YES;
				ENABLE_TESTABILITY = YES;
				ENABLE_USER_SCRIPT_SANDBOXING = YES;
				GCC_C_LANGUAGE_STANDARD = gnu17;
				GCC_DYNAMIC_NO_PIC = NO;
				GCC_NO_COMMON_BLOCKS = YES;
				GCC_OPTIMIZATION_LEVEL = 0;
				GCC_PREPROCESSOR_DEFINITIONS = (
					"DEBUG=1",
					"$(inherited)",
				);
				GCC_WARN_64_TO_32_BIT_CONVERSION = YES;
				GCC_WARN_ABOUT_RETURN_TYPE = YES_ERROR;
				GCC_WARN_UNDECLARED_SELECTOR = YES;
				GCC_WARN_UNINITIALIZED_AUTOS = YES_AGGRESSIVE;
				GCC_WARN_UNUSED_FUNCTION = YES;
				GCC_WARN_UNUSED_VARIABLE = YES;
				LOCALIZATION_PREFERS_STRING_CATALOGS = YES;
				MACOSX_DEPLOYMENT_TARGET = 11.5;
				MTL_COMPILER_FLAGS = "-fmetal-enable-logging";
				MTL_ENABLE_DEBUG_INFO = INCLUDE_SOURCE;
				MTL_FAST_MATH = YES;
				MTL_HEADER_SEARCH_PATHS = "$(SRCROOT)/../../../include";
				ONLY_ACTIVE_ARCH = YES;
				SDKROOT = macosx;
				USER_HEADER_SEARCH_PATHS = "$(SRCROOT)/../../../include";
			};
			name = Debug;
		};
		2CD60FAD2E34FBCC007BAF4D /* Release */ = {
			isa = XCBuildConfiguration;
			buildSettings = {
				ASSETCATALOG_COMPILER_GENERATE_SWIFT_ASSET_SYMBOL_EXTENSIONS = YES;
				CLANG_ANALYZER_NONNULL = YES;
				CLANG_ANALYZER_NUMBER_OBJECT_CONVERSION = YES_AGGRESSIVE;
				CLANG_CXX_LANGUAGE_STANDARD = "gnu++20";
				CLANG_ENABLE_MODULES = YES;
				CLANG_ENABLE_OBJC_ARC = NO;
				CLANG_ENABLE_OBJC_WEAK = YES;
				CLANG_WARN_BLOCK_CAPTURE_AUTORELEASING = YES;
				CLANG_WARN_BOOL_CONVERSION = YES;
				CLANG_WARN_COMMA = YES;
				CLANG_WARN_CONSTANT_CONVERSION = YES;
				CLANG_WARN_DEPRECATED_OBJC_IMPLEMENTATIONS = YES;
				CLANG_WARN_DIRECT_OBJC_ISA_USAGE = YES_ERROR;
				CLANG_WARN_DOCUMENTATION_COMMENTS = YES;
				CLANG_WARN_EMPTY_BODY = YES;
				CLANG_WARN_ENUM_CONVERSION = YES;
				CLANG_WARN_INFINITE_RECURSION = YES;
				CLANG_WARN_INT_CONVERSION = YES;
				CLANG_WARN_NON_LITERAL_NULL_CONVERSION = YES;
				CLANG_WARN_OBJC_IMPLICIT_RETAIN_SELF = YES;
				CLANG_WARN_OBJC_LITERAL_CONVERSION = YES;
				CLANG_WARN_OBJC_ROOT_CLASS = YES_ERROR;
				CLANG_WARN_QUOTED_INCLUDE_IN_FRAMEWORK_HEADER = YES;
				CLANG_WARN_RANGE_LOOP_ANALYSIS = YES;
				CLANG_WARN_STRICT_PROTOTYPES = YES;
				CLANG_WARN_SUSPICIOUS_MOVE = YES;
				CLANG_WARN_UNGUARDED_AVAILABILITY = YES_AGGRESSIVE;
				CLANG_WARN_UNREACHABLE_CODE = YES;
				CLANG_WARN__DUPLICATE_METHOD_MATCH = YES;
				COPY_PHASE_STRIP = NO;
				DEBUG_INFORMATION_FORMAT = "dwarf-with-dsym";
				ENABLE_NS_ASSERTIONS = NO;
				ENABLE_STRICT_OBJC_MSGSEND = YES;
				ENABLE_USER_SCRIPT_SANDBOXING = YES;
				GCC_C_LANGUAGE_STANDARD = gnu17;
				GCC_NO_COMMON_BLOCKS = YES;
				GCC_WARN_64_TO_32_BIT_CONVERSION = YES;
				GCC_WARN_ABOUT_RETURN_TYPE = YES_ERROR;
				GCC_WARN_UNDECLARED_SELECTOR = YES;
				GCC_WARN_UNINITIALIZED_AUTOS = YES_AGGRESSIVE;
				GCC_WARN_UNUSED_FUNCTION = YES;
				GCC_WARN_UNUSED_VARIABLE = YES;
				LOCALIZATION_PREFERS_STRING_CATALOGS = YES;
				MACOSX_DEPLOYMENT_TARGET = 11.5;
				MTL_ENABLE_DEBUG_INFO = NO;
				MTL_FAST_MATH = YES;
				MTL_HEADER_SEARCH_PATHS = "$(SRCROOT)/../../../include";
				SDKROOT = macosx;
				USER_HEADER_SEARCH_PATHS = "$(SRCROOT)/../../../include";
			};
			name = Release;
		};
		2CD60FAF2E34FBCC007BAF4D /* Debug */ = {
			isa = XCBuildConfiguration;
			buildSettings = {
				CODE_SIGN_STYLE = Automatic;
				EXECUTABLE_PREFIX = lib;
				PRODUCT_NAME = "$(TARGET_NAME)";
				SKIP_INSTALL = YES;
			};
			name = Debug;
		};
		2CD60FB02E34FBCC007BAF4D /* Release */ = {
			isa = XCBuildConfiguration;
			buildSettings = {
				CODE_SIGN_STYLE = Automatic;
				EXECUTABLE_PREFIX = lib;
				PRODUCT_NAME = "$(TARGET_NAME)";
				SKIP_INSTALL = YES;
			};
			name = Release;
		};
/* End XCBuildConfiguration section */

/* Begin XCConfigurationList section */
		2C5CD0E42E36C526007BBDA6 /* Build configuration list for PBXNativeTarget "ixtli-render-metal" */ = {
			isa = XCConfigurationList;
			buildConfigurations = (
				2C5CD0E52E36C526007BBDA6 /* Debug */,
				2C5CD0E62E36C526007BBDA6 /* Release */,
			);
			defaultConfigurationIsVisible = 0;
			defaultConfigurationName = Release;
		};
		2C9C87F52E3CBECB008005C8 /* Build configuration list for PBXNativeTarget "ixtlu-render-ios" */ = {
			isa = XCConfigurationList;
			buildConfigurations = (
				2C9C87F22E3CBECB008005C8 /* Debug */,
				2C9C87F32E3CBECB008005C8 /* Release */,
			);
			defaultConfigurationIsVisible = 0;
			defaultConfigurationName = Release;
		};
		2CD60FA52E34FBCC007BAF4D /* Build configuration list for PBXProject "ixtli-render" */ = {
			isa = XCConfigurationList;
			buildConfigurations = (
				2CD60FAC2E34FBCC007BAF4D /* Debug */,
				2CD60FAD2E34FBCC007BAF4D /* Release */,
			);
			defaultConfigurationIsVisible = 0;
			defaultConfigurationName = Release;
		};
		2CD60FAE2E34FBCC007BAF4D /* Build configuration list for PBXNativeTarget "ixtli-render-mac" */ = {
			isa = XCConfigurationList;
			buildConfigurations = (
				2CD60FAF2E34FBCC007BAF4D /* Debug */,
				2CD60FB02E34FBCC007BAF4D /* Release */,
			);
			defaultConfigurationIsVisible = 0;
			defaultConfigurationName = Release;
		};
/* End XCConfigurationList section */
	};
	rootObject = 2CD60FA22E34FBCC007BAF4D /* Project object */;
}
